// !$*UTF8*$!
{
	archiveVersion = 1;
	classes = {
	};
	objectVersion = 50;
	objects = {

/* Begin PBXBuildFile section */
		49756338CE3B2469F21B1CE7 /* libPods-SJInfiniteScrollViewDemo.a in Frameworks */ = {isa = PBXBuildFile; fileRef = FB38552FA168C573657397E0 /* libPods-SJInfiniteScrollViewDemo.a */; };
		9F480C5B20BCED850016CF4B /* SJScaleImageView.m in Sources */ = {isa = PBXBuildFile; fileRef = 9F480C5A20BCED850016CF4B /* SJScaleImageView.m */; };
		9F76FF5E2089C5C800C6553A /* AppDelegate.m in Sources */ = {isa = PBXBuildFile; fileRef = 9F76FF5D2089C5C800C6553A /* AppDelegate.m */; };
		9F76FF612089C5C800C6553A /* ViewController.m in Sources */ = {isa = PBXBuildFile; fileRef = 9F76FF602089C5C800C6553A /* ViewController.m */; };
		9F76FF642089C5C900C6553A /* Main.storyboard in Resources */ = {isa = PBXBuildFile; fileRef = 9F76FF622089C5C800C6553A /* Main.storyboard */; };
		9F76FF662089C5CB00C6553A /* Assets.xcassets in Resources */ = {isa = PBXBuildFile; fileRef = 9F76FF652089C5CB00C6553A /* Assets.xcassets */; };
		9F76FF692089C5CB00C6553A /* LaunchScreen.storyboard in Resources */ = {isa = PBXBuildFile; fileRef = 9F76FF672089C5CB00C6553A /* LaunchScreen.storyboard */; };
		9F76FF6C2089C5CB00C6553A /* main.m in Sources */ = {isa = PBXBuildFile; fileRef = 9F76FF6B2089C5CB00C6553A /* main.m */; };
		9F76FF762089C5CB00C6553A /* SJInfiniteScrollViewDemoTests.m in Sources */ = {isa = PBXBuildFile; fileRef = 9F76FF752089C5CB00C6553A /* SJInfiniteScrollViewDemoTests.m */; };
		9F76FF812089C5CB00C6553A /* SJInfiniteScrollViewDemoUITests.m in Sources */ = {isa = PBXBuildFile; fileRef = 9F76FF802089C5CB00C6553A /* SJInfiniteScrollViewDemoUITests.m */; };
		9F76FF972089C64500C6553A /* SJInfiniteScrollView.m in Sources */ = {isa = PBXBuildFile; fileRef = 9F76FF912089C64500C6553A /* SJInfiniteScrollView.m */; };
		9F76FF982089C64500C6553A /* SJInfiniteSubView.m in Sources */ = {isa = PBXBuildFile; fileRef = 9F76FF932089C64500C6553A /* SJInfiniteSubView.m */; };
		9F76FF992089C64500C6553A /* SJInfiniteItem.m in Sources */ = {isa = PBXBuildFile; fileRef = 9F76FF952089C64500C6553A /* SJInfiniteItem.m */; };
		9F76FF9A2089C64500C6553A /* UIView+SJInfiniteScrollView.m in Sources */ = {isa = PBXBuildFile; fileRef = 9F76FF962089C64500C6553A /* UIView+SJInfiniteScrollView.m */; };
		9F9816AA208ECE370068D8A8 /* SecondVC.m in Sources */ = {isa = PBXBuildFile; fileRef = 9F9816A9208ECE370068D8A8 /* SecondVC.m */; };
		9FB4F7A9208D8599002E2641 /* SJImageScrollView.m in Sources */ = {isa = PBXBuildFile; fileRef = 9FB4F7A8208D8599002E2641 /* SJImageScrollView.m */; };
/* End PBXBuildFile section */

/* Begin PBXContainerItemProxy section */
		9F76FF722089C5CB00C6553A /* PBXContainerItemProxy */ = {
			isa = PBXContainerItemProxy;
			containerPortal = 9F76FF512089C5C800C6553A /* Project object */;
			proxyType = 1;
			remoteGlobalIDString = 9F76FF582089C5C800C6553A;
			remoteInfo = SJInfiniteScrollViewDemo;
		};
		9F76FF7D2089C5CB00C6553A /* PBXContainerItemProxy */ = {
			isa = PBXContainerItemProxy;
			containerPortal = 9F76FF512089C5C800C6553A /* Project object */;
			proxyType = 1;
			remoteGlobalIDString = 9F76FF582089C5C800C6553A;
			remoteInfo = SJInfiniteScrollViewDemo;
		};
/* End PBXContainerItemProxy section */

/* Begin PBXFileReference section */
		7F4F70C5906DD358A847CD64 /* Pods-SJInfiniteScrollViewDemo.release.xcconfig */ = {isa = PBXFileReference; includeInIndex = 1; lastKnownFileType = text.xcconfig; name = "Pods-SJInfiniteScrollViewDemo.release.xcconfig"; path = "Pods/Target Support Files/Pods-SJInfiniteScrollViewDemo/Pods-SJInfiniteScrollViewDemo.release.xcconfig"; sourceTree = "<group>"; };
		9F480C5920BCED850016CF4B /* SJScaleImageView.h */ = {isa = PBXFileReference; lastKnownFileType = sourcecode.c.h; path = SJScaleImageView.h; sourceTree = "<group>"; };
		9F480C5A20BCED850016CF4B /* SJScaleImageView.m */ = {isa = PBXFileReference; lastKnownFileType = sourcecode.c.objc; path = SJScaleImageView.m; sourceTree = "<group>"; };
		9F76FF592089C5C800C6553A /* SJInfiniteScrollViewDemo.app */ = {isa = PBXFileReference; explicitFileType = wrapper.application; includeInIndex = 0; path = SJInfiniteScrollViewDemo.app; sourceTree = BUILT_PRODUCTS_DIR; };
		9F76FF5C2089C5C800C6553A /* AppDelegate.h */ = {isa = PBXFileReference; lastKnownFileType = sourcecode.c.h; path = AppDelegate.h; sourceTree = "<group>"; };
		9F76FF5D2089C5C800C6553A /* AppDelegate.m */ = {isa = PBXFileReference; lastKnownFileType = sourcecode.c.objc; path = AppDelegate.m; sourceTree = "<group>"; };
		9F76FF5F2089C5C800C6553A /* ViewController.h */ = {isa = PBXFileReference; lastKnownFileType = sourcecode.c.h; path = ViewController.h; sourceTree = "<group>"; };
		9F76FF602089C5C800C6553A /* ViewController.m */ = {isa = PBXFileReference; lastKnownFileType = sourcecode.c.objc; path = ViewController.m; sourceTree = "<group>"; };
		9F76FF632089C5C800C6553A /* Base */ = {isa = PBXFileReference; lastKnownFileType = file.storyboard; name = Base; path = Base.lproj/Main.storyboard; sourceTree = "<group>"; };
		9F76FF652089C5CB00C6553A /* Assets.xcassets */ = {isa = PBXFileReference; lastKnownFileType = folder.assetcatalog; path = Assets.xcassets; sourceTree = "<group>"; };
		9F76FF682089C5CB00C6553A /* Base */ = {isa = PBXFileReference; lastKnownFileType = file.storyboard; name = Base; path = Base.lproj/LaunchScreen.storyboard; sourceTree = "<group>"; };
		9F76FF6A2089C5CB00C6553A /* Info.plist */ = {isa = PBXFileReference; lastKnownFileType = text.plist.xml; path = Info.plist; sourceTree = "<group>"; };
		9F76FF6B2089C5CB00C6553A /* main.m */ = {isa = PBXFileReference; lastKnownFileType = sourcecode.c.objc; path = main.m; sourceTree = "<group>"; };
		9F76FF712089C5CB00C6553A /* SJInfiniteScrollViewDemoTests.xctest */ = {isa = PBXFileReference; explicitFileType = wrapper.cfbundle; includeInIndex = 0; path = SJInfiniteScrollViewDemoTests.xctest; sourceTree = BUILT_PRODUCTS_DIR; };
		9F76FF752089C5CB00C6553A /* SJInfiniteScrollViewDemoTests.m */ = {isa = PBXFileReference; lastKnownFileType = sourcecode.c.objc; path = SJInfiniteScrollViewDemoTests.m; sourceTree = "<group>"; };
		9F76FF772089C5CB00C6553A /* Info.plist */ = {isa = PBXFileReference; lastKnownFileType = text.plist.xml; path = Info.plist; sourceTree = "<group>"; };
		9F76FF7C2089C5CB00C6553A /* SJInfiniteScrollViewDemoUITests.xctest */ = {isa = PBXFileReference; explicitFileType = wrapper.cfbundle; includeInIndex = 0; path = SJInfiniteScrollViewDemoUITests.xctest; sourceTree = BUILT_PRODUCTS_DIR; };
		9F76FF802089C5CB00C6553A /* SJInfiniteScrollViewDemoUITests.m */ = {isa = PBXFileReference; lastKnownFileType = sourcecode.c.objc; path = SJInfiniteScrollViewDemoUITests.m; sourceTree = "<group>"; };
		9F76FF822089C5CB00C6553A /* Info.plist */ = {isa = PBXFileReference; lastKnownFileType = text.plist.xml; path = Info.plist; sourceTree = "<group>"; };
		9F76FF8F2089C64500C6553A /* SJInfiniteSubView.h */ = {isa = PBXFileReference; fileEncoding = 4; lastKnownFileType = sourcecode.c.h; path = SJInfiniteSubView.h; sourceTree = "<group>"; };
		9F76FF902089C64500C6553A /* SJInfiniteItem.h */ = {isa = PBXFileReference; fileEncoding = 4; lastKnownFileType = sourcecode.c.h; path = SJInfiniteItem.h; sourceTree = "<group>"; };
		9F76FF912089C64500C6553A /* SJInfiniteScrollView.m */ = {isa = PBXFileReference; fileEncoding = 4; lastKnownFileType = sourcecode.c.objc; path = SJInfiniteScrollView.m; sourceTree = "<group>"; };
		9F76FF922089C64500C6553A /* UIView+SJInfiniteScrollView.h */ = {isa = PBXFileReference; fileEncoding = 4; lastKnownFileType = sourcecode.c.h; path = "UIView+SJInfiniteScrollView.h"; sourceTree = "<group>"; };
		9F76FF932089C64500C6553A /* SJInfiniteSubView.m */ = {isa = PBXFileReference; fileEncoding = 4; lastKnownFileType = sourcecode.c.objc; path = SJInfiniteSubView.m; sourceTree = "<group>"; };
		9F76FF942089C64500C6553A /* SJInfiniteScrollView.h */ = {isa = PBXFileReference; fileEncoding = 4; lastKnownFileType = sourcecode.c.h; path = SJInfiniteScrollView.h; sourceTree = "<group>"; };
		9F76FF952089C64500C6553A /* SJInfiniteItem.m */ = {isa = PBXFileReference; fileEncoding = 4; lastKnownFileType = sourcecode.c.objc; path = SJInfiniteItem.m; sourceTree = "<group>"; };
		9F76FF962089C64500C6553A /* UIView+SJInfiniteScrollView.m */ = {isa = PBXFileReference; fileEncoding = 4; lastKnownFileType = sourcecode.c.objc; path = "UIView+SJInfiniteScrollView.m"; sourceTree = "<group>"; };
		9F9816A8208ECE370068D8A8 /* SecondVC.h */ = {isa = PBXFileReference; lastKnownFileType = sourcecode.c.h; path = SecondVC.h; sourceTree = "<group>"; };
		9F9816A9208ECE370068D8A8 /* SecondVC.m */ = {isa = PBXFileReference; lastKnownFileType = sourcecode.c.objc; path = SecondVC.m; sourceTree = "<group>"; };
		9FB4F7A7208D8599002E2641 /* SJImageScrollView.h */ = {isa = PBXFileReference; lastKnownFileType = sourcecode.c.h; path = SJImageScrollView.h; sourceTree = "<group>"; };
		9FB4F7A8208D8599002E2641 /* SJImageScrollView.m */ = {isa = PBXFileReference; lastKnownFileType = sourcecode.c.objc; path = SJImageScrollView.m; sourceTree = "<group>"; };
		DF2626B9DD0F18C54C3330A0 /* Pods-SJInfiniteScrollViewDemo.debug.xcconfig */ = {isa = PBXFileReference; includeInIndex = 1; lastKnownFileType = text.xcconfig; name = "Pods-SJInfiniteScrollViewDemo.debug.xcconfig"; path = "Pods/Target Support Files/Pods-SJInfiniteScrollViewDemo/Pods-SJInfiniteScrollViewDemo.debug.xcconfig"; sourceTree = "<group>"; };
		FB38552FA168C573657397E0 /* libPods-SJInfiniteScrollViewDemo.a */ = {isa = PBXFileReference; explicitFileType = archive.ar; includeInIndex = 0; path = "libPods-SJInfiniteScrollViewDemo.a"; sourceTree = BUILT_PRODUCTS_DIR; };
/* End PBXFileReference section */

/* Begin PBXFrameworksBuildPhase section */
		9F76FF562089C5C800C6553A /* Frameworks */ = {
			isa = PBXFrameworksBuildPhase;
			buildActionMask = 2147483647;
			files = (
				49756338CE3B2469F21B1CE7 /* libPods-SJInfiniteScrollViewDemo.a in Frameworks */,
			);
			runOnlyForDeploymentPostprocessing = 0;
		};
		9F76FF6E2089C5CB00C6553A /* Frameworks */ = {
			isa = PBXFrameworksBuildPhase;
			buildActionMask = 2147483647;
			files = (
			);
			runOnlyForDeploymentPostprocessing = 0;
		};
		9F76FF792089C5CB00C6553A /* Frameworks */ = {
			isa = PBXFrameworksBuildPhase;
			buildActionMask = 2147483647;
			files = (
			);
			runOnlyForDeploymentPostprocessing = 0;
		};
/* End PBXFrameworksBuildPhase section */

/* Begin PBXGroup section */
		464054D8DE1138946D3BBC89 /* Frameworks */ = {
			isa = PBXGroup;
			children = (
				FB38552FA168C573657397E0 /* libPods-SJInfiniteScrollViewDemo.a */,
			);
			name = Frameworks;
			sourceTree = "<group>";
		};
		9F76FF502089C5C800C6553A = {
			isa = PBXGroup;
			children = (
				9F76FF8E2089C64500C6553A /* SJInfiniteScrollView */,
				9F76FF5B2089C5C800C6553A /* SJInfiniteScrollViewDemo */,
				9F76FF742089C5CB00C6553A /* SJInfiniteScrollViewDemoTests */,
				9F76FF7F2089C5CB00C6553A /* SJInfiniteScrollViewDemoUITests */,
				9F76FF5A2089C5C800C6553A /* Products */,
				F39A640B2CFF8A32B46C3CC1 /* Pods */,
				464054D8DE1138946D3BBC89 /* Frameworks */,
			);
			sourceTree = "<group>";
		};
		9F76FF5A2089C5C800C6553A /* Products */ = {
			isa = PBXGroup;
			children = (
				9F76FF592089C5C800C6553A /* SJInfiniteScrollViewDemo.app */,
				9F76FF712089C5CB00C6553A /* SJInfiniteScrollViewDemoTests.xctest */,
				9F76FF7C2089C5CB00C6553A /* SJInfiniteScrollViewDemoUITests.xctest */,
			);
			name = Products;
			sourceTree = "<group>";
		};
		9F76FF5B2089C5C800C6553A /* SJInfiniteScrollViewDemo */ = {
			isa = PBXGroup;
			children = (
				9F76FF5C2089C5C800C6553A /* AppDelegate.h */,
				9F76FF5D2089C5C800C6553A /* AppDelegate.m */,
				9F76FF5F2089C5C800C6553A /* ViewController.h */,
				9F76FF602089C5C800C6553A /* ViewController.m */,
				9F9816A8208ECE370068D8A8 /* SecondVC.h */,
				9F9816A9208ECE370068D8A8 /* SecondVC.m */,
				9F76FF622089C5C800C6553A /* Main.storyboard */,
				9F76FF652089C5CB00C6553A /* Assets.xcassets */,
				9F76FF672089C5CB00C6553A /* LaunchScreen.storyboard */,
				9F76FF6A2089C5CB00C6553A /* Info.plist */,
				9F76FF6B2089C5CB00C6553A /* main.m */,
			);
			path = SJInfiniteScrollViewDemo;
			sourceTree = "<group>";
		};
		9F76FF742089C5CB00C6553A /* SJInfiniteScrollViewDemoTests */ = {
			isa = PBXGroup;
			children = (
				9F76FF752089C5CB00C6553A /* SJInfiniteScrollViewDemoTests.m */,
				9F76FF772089C5CB00C6553A /* Info.plist */,
			);
			path = SJInfiniteScrollViewDemoTests;
			sourceTree = "<group>";
		};
		9F76FF7F2089C5CB00C6553A /* SJInfiniteScrollViewDemoUITests */ = {
			isa = PBXGroup;
			children = (
				9F76FF802089C5CB00C6553A /* SJInfiniteScrollViewDemoUITests.m */,
				9F76FF822089C5CB00C6553A /* Info.plist */,
			);
			path = SJInfiniteScrollViewDemoUITests;
			sourceTree = "<group>";
		};
		9F76FF8E2089C64500C6553A /* SJInfiniteScrollView */ = {
			isa = PBXGroup;
			children = (
				9F76FF942089C64500C6553A /* SJInfiniteScrollView.h */,
				9F76FF912089C64500C6553A /* SJInfiniteScrollView.m */,
				9F76FF8F2089C64500C6553A /* SJInfiniteSubView.h */,
				9F76FF932089C64500C6553A /* SJInfiniteSubView.m */,
				9F76FF902089C64500C6553A /* SJInfiniteItem.h */,
				9F76FF952089C64500C6553A /* SJInfiniteItem.m */,
				9F76FF922089C64500C6553A /* UIView+SJInfiniteScrollView.h */,
				9F76FF962089C64500C6553A /* UIView+SJInfiniteScrollView.m */,
				9FB4F7A7208D8599002E2641 /* SJImageScrollView.h */,
				9FB4F7A8208D8599002E2641 /* SJImageScrollView.m */,
				9F480C5920BCED850016CF4B /* SJScaleImageView.h */,
				9F480C5A20BCED850016CF4B /* SJScaleImageView.m */,
			);
			path = SJInfiniteScrollView;
			sourceTree = "<group>";
		};
		F39A640B2CFF8A32B46C3CC1 /* Pods */ = {
			isa = PBXGroup;
			children = (
				DF2626B9DD0F18C54C3330A0 /* Pods-SJInfiniteScrollViewDemo.debug.xcconfig */,
				7F4F70C5906DD358A847CD64 /* Pods-SJInfiniteScrollViewDemo.release.xcconfig */,
			);
			name = Pods;
			sourceTree = "<group>";
		};
/* End PBXGroup section */

/* Begin PBXNativeTarget section */
		9F76FF582089C5C800C6553A /* SJInfiniteScrollViewDemo */ = {
			isa = PBXNativeTarget;
			buildConfigurationList = 9F76FF852089C5CB00C6553A /* Build configuration list for PBXNativeTarget "SJInfiniteScrollViewDemo" */;
			buildPhases = (
				D13249CED56C8EF75754BBD9 /* [CP] Check Pods Manifest.lock */,
				9F76FF552089C5C800C6553A /* Sources */,
				9F76FF562089C5C800C6553A /* Frameworks */,
				9F76FF572089C5C800C6553A /* Resources */,
			);
			buildRules = (
			);
			dependencies = (
			);
			name = SJInfiniteScrollViewDemo;
			productName = SJInfiniteScrollViewDemo;
			productReference = 9F76FF592089C5C800C6553A /* SJInfiniteScrollViewDemo.app */;
			productType = "com.apple.product-type.application";
		};
		9F76FF702089C5CB00C6553A /* SJInfiniteScrollViewDemoTests */ = {
			isa = PBXNativeTarget;
			buildConfigurationList = 9F76FF882089C5CB00C6553A /* Build configuration list for PBXNativeTarget "SJInfiniteScrollViewDemoTests" */;
			buildPhases = (
				9F76FF6D2089C5CB00C6553A /* Sources */,
				9F76FF6E2089C5CB00C6553A /* Frameworks */,
				9F76FF6F2089C5CB00C6553A /* Resources */,
			);
			buildRules = (
			);
			dependencies = (
				9F76FF732089C5CB00C6553A /* PBXTargetDependency */,
			);
			name = SJInfiniteScrollViewDemoTests;
			productName = SJInfiniteScrollViewDemoTests;
			productReference = 9F76FF712089C5CB00C6553A /* SJInfiniteScrollViewDemoTests.xctest */;
			productType = "com.apple.product-type.bundle.unit-test";
		};
		9F76FF7B2089C5CB00C6553A /* SJInfiniteScrollViewDemoUITests */ = {
			isa = PBXNativeTarget;
			buildConfigurationList = 9F76FF8B2089C5CB00C6553A /* Build configuration list for PBXNativeTarget "SJInfiniteScrollViewDemoUITests" */;
			buildPhases = (
				9F76FF782089C5CB00C6553A /* Sources */,
				9F76FF792089C5CB00C6553A /* Frameworks */,
				9F76FF7A2089C5CB00C6553A /* Resources */,
			);
			buildRules = (
			);
			dependencies = (
				9F76FF7E2089C5CB00C6553A /* PBXTargetDependency */,
			);
			name = SJInfiniteScrollViewDemoUITests;
			productName = SJInfiniteScrollViewDemoUITests;
			productReference = 9F76FF7C2089C5CB00C6553A /* SJInfiniteScrollViewDemoUITests.xctest */;
			productType = "com.apple.product-type.bundle.ui-testing";
		};
/* End PBXNativeTarget section */

/* Begin PBXProject section */
		9F76FF512089C5C800C6553A /* Project object */ = {
			isa = PBXProject;
			attributes = {
				LastUpgradeCheck = 0930;
				ORGANIZATIONNAME = "沈骏";
				TargetAttributes = {
					9F76FF582089C5C800C6553A = {
						CreatedOnToolsVersion = 9.3;
					};
					9F76FF702089C5CB00C6553A = {
						CreatedOnToolsVersion = 9.3;
						TestTargetID = 9F76FF582089C5C800C6553A;
					};
					9F76FF7B2089C5CB00C6553A = {
						CreatedOnToolsVersion = 9.3;
						TestTargetID = 9F76FF582089C5C800C6553A;
					};
				};
			};
			buildConfigurationList = 9F76FF542089C5C800C6553A /* Build configuration list for PBXProject "SJInfiniteScrollViewDemo" */;
			compatibilityVersion = "Xcode 9.3";
			developmentRegion = en;
			hasScannedForEncodings = 0;
			knownRegions = (
				en,
				Base,
			);
			mainGroup = 9F76FF502089C5C800C6553A;
			productRefGroup = 9F76FF5A2089C5C800C6553A /* Products */;
			projectDirPath = "";
			projectRoot = "";
			targets = (
				9F76FF582089C5C800C6553A /* SJInfiniteScrollViewDemo */,
				9F76FF702089C5CB00C6553A /* SJInfiniteScrollViewDemoTests */,
				9F76FF7B2089C5CB00C6553A /* SJInfiniteScrollViewDemoUITests */,
			);
		};
/* End PBXProject section */

/* Begin PBXResourcesBuildPhase section */
		9F76FF572089C5C800C6553A /* Resources */ = {
			isa = PBXResourcesBuildPhase;
			buildActionMask = 2147483647;
			files = (
				9F76FF692089C5CB00C6553A /* LaunchScreen.storyboard in Resources */,
				9F76FF662089C5CB00C6553A /* Assets.xcassets in Resources */,
				9F76FF642089C5C900C6553A /* Main.storyboard in Resources */,
			);
			runOnlyForDeploymentPostprocessing = 0;
		};
		9F76FF6F2089C5CB00C6553A /* Resources */ = {
			isa = PBXResourcesBuildPhase;
			buildActionMask = 2147483647;
			files = (
			);
			runOnlyForDeploymentPostprocessing = 0;
		};
		9F76FF7A2089C5CB00C6553A /* Resources */ = {
			isa = PBXResourcesBuildPhase;
			buildActionMask = 2147483647;
			files = (
			);
			runOnlyForDeploymentPostprocessing = 0;
		};
/* End PBXResourcesBuildPhase section */

/* Begin PBXShellScriptBuildPhase section */
		D13249CED56C8EF75754BBD9 /* [CP] Check Pods Manifest.lock */ = {
			isa = PBXShellScriptBuildPhase;
			buildActionMask = 2147483647;
			files = (
			);
			inputPaths = (
				"${PODS_PODFILE_DIR_PATH}/Podfile.lock",
				"${PODS_ROOT}/Manifest.lock",
			);
			name = "[CP] Check Pods Manifest.lock";
			outputPaths = (
				"$(DERIVED_FILE_DIR)/Pods-SJInfiniteScrollViewDemo-checkManifestLockResult.txt",
			);
			runOnlyForDeploymentPostprocessing = 0;
			shellPath = /bin/sh;
			shellScript = "diff \"${PODS_PODFILE_DIR_PATH}/Podfile.lock\" \"${PODS_ROOT}/Manifest.lock\" > /dev/null\nif [ $? != 0 ] ; then\n    # print error to STDERR\n    echo \"error: The sandbox is not in sync with the Podfile.lock. Run 'pod install' or update your CocoaPods installation.\" >&2\n    exit 1\nfi\n# This output is used by Xcode 'outputs' to avoid re-running this script phase.\necho \"SUCCESS\" > \"${SCRIPT_OUTPUT_FILE_0}\"\n";
			showEnvVarsInLog = 0;
		};
/* End PBXShellScriptBuildPhase section */

/* Begin PBXSourcesBuildPhase section */
		9F76FF552089C5C800C6553A /* Sources */ = {
			isa = PBXSourcesBuildPhase;
			buildActionMask = 2147483647;
			files = (
				9FB4F7A9208D8599002E2641 /* SJImageScrollView.m in Sources */,
				9F76FF612089C5C800C6553A /* ViewController.m in Sources */,
				9F76FF982089C64500C6553A /* SJInfiniteSubView.m in Sources */,
				9F76FF6C2089C5CB00C6553A /* main.m in Sources */,
				9F76FF992089C64500C6553A /* SJInfiniteItem.m in Sources */,
				9F76FF972089C64500C6553A /* SJInfiniteScrollView.m in Sources */,
				9F480C5B20BCED850016CF4B /* SJScaleImageView.m in Sources */,
				9F76FF5E2089C5C800C6553A /* AppDelegate.m in Sources */,
				9F9816AA208ECE370068D8A8 /* SecondVC.m in Sources */,
				9F76FF9A2089C64500C6553A /* UIView+SJInfiniteScrollView.m in Sources */,
			);
			runOnlyForDeploymentPostprocessing = 0;
		};
		9F76FF6D2089C5CB00C6553A /* Sources */ = {
			isa = PBXSourcesBuildPhase;
			buildActionMask = 2147483647;
			files = (
				9F76FF762089C5CB00C6553A /* SJInfiniteScrollViewDemoTests.m in Sources */,
			);
			runOnlyForDeploymentPostprocessing = 0;
		};
		9F76FF782089C5CB00C6553A /* Sources */ = {
			isa = PBXSourcesBuildPhase;
			buildActionMask = 2147483647;
			files = (
				9F76FF812089C5CB00C6553A /* SJInfiniteScrollViewDemoUITests.m in Sources */,
			);
			runOnlyForDeploymentPostprocessing = 0;
		};
/* End PBXSourcesBuildPhase section */

/* Begin PBXTargetDependency section */
		9F76FF732089C5CB00C6553A /* PBXTargetDependency */ = {
			isa = PBXTargetDependency;
			target = 9F76FF582089C5C800C6553A /* SJInfiniteScrollViewDemo */;
			targetProxy = 9F76FF722089C5CB00C6553A /* PBXContainerItemProxy */;
		};
		9F76FF7E2089C5CB00C6553A /* PBXTargetDependency */ = {
			isa = PBXTargetDependency;
			target = 9F76FF582089C5C800C6553A /* SJInfiniteScrollViewDemo */;
			targetProxy = 9F76FF7D2089C5CB00C6553A /* PBXContainerItemProxy */;
		};
/* End PBXTargetDependency section */

/* Begin PBXVariantGroup section */
		9F76FF622089C5C800C6553A /* Main.storyboard */ = {
			isa = PBXVariantGroup;
			children = (
				9F76FF632089C5C800C6553A /* Base */,
			);
			name = Main.storyboard;
			sourceTree = "<group>";
		};
		9F76FF672089C5CB00C6553A /* LaunchScreen.storyboard */ = {
			isa = PBXVariantGroup;
			children = (
				9F76FF682089C5CB00C6553A /* Base */,
			);
			name = LaunchScreen.storyboard;
			sourceTree = "<group>";
		};
/* End PBXVariantGroup section */

/* Begin XCBuildConfiguration section */
		9F76FF832089C5CB00C6553A /* Debug */ = {
			isa = XCBuildConfiguration;
			buildSettings = {
				ALWAYS_SEARCH_USER_PATHS = NO;
				CLANG_ANALYZER_NONNULL = YES;
				CLANG_ANALYZER_NUMBER_OBJECT_CONVERSION = YES_AGGRESSIVE;
				CLANG_CXX_LANGUAGE_STANDARD = "gnu++14";
				CLANG_CXX_LIBRARY = "libc++";
				CLANG_ENABLE_MODULES = YES;
				CLANG_ENABLE_OBJC_ARC = YES;
				CLANG_ENABLE_OBJC_WEAK = YES;
				CLANG_WARN_BLOCK_CAPTURE_AUTORELEASING = YES;
				CLANG_WARN_BOOL_CONVERSION = YES;
				CLANG_WARN_COMMA = YES;
				CLANG_WARN_CONSTANT_CONVERSION = YES;
				CLANG_WARN_DEPRECATED_OBJC_IMPLEMENTATIONS = YES;
				CLANG_WARN_DIRECT_OBJC_ISA_USAGE = YES_ERROR;
				CLANG_WARN_DOCUMENTATION_COMMENTS = YES;
				CLANG_WARN_EMPTY_BODY = YES;
				CLANG_WARN_ENUM_CONVERSION = YES;
				CLANG_WARN_INFINITE_RECURSION = YES;
				CLANG_WARN_INT_CONVERSION = YES;
				CLANG_WARN_NON_LITERAL_NULL_CONVERSION = YES;
				CLANG_WARN_OBJC_IMPLICIT_RETAIN_SELF = YES;
				CLANG_WARN_OBJC_LITERAL_CONVERSION = YES;
				CLANG_WARN_OBJC_ROOT_CLASS = YES_ERROR;
				CLANG_WARN_RANGE_LOOP_ANALYSIS = YES;
				CLANG_WARN_STRICT_PROTOTYPES = YES;
				CLANG_WARN_SUSPICIOUS_MOVE = YES;
				CLANG_WARN_UNGUARDED_AVAILABILITY = YES_AGGRESSIVE;
				CLANG_WARN_UNREACHABLE_CODE = YES;
				CLANG_WARN__DUPLICATE_METHOD_MATCH = YES;
				CODE_SIGN_IDENTITY = "iPhone Developer";
				COPY_PHASE_STRIP = NO;
				DEBUG_INFORMATION_FORMAT = dwarf;
				ENABLE_STRICT_OBJC_MSGSEND = YES;
				ENABLE_TESTABILITY = YES;
				GCC_C_LANGUAGE_STANDARD = gnu11;
				GCC_DYNAMIC_NO_PIC = NO;
				GCC_NO_COMMON_BLOCKS = YES;
				GCC_OPTIMIZATION_LEVEL = 0;
				GCC_PREPROCESSOR_DEFINITIONS = (
					"DEBUG=1",
					"$(inherited)",
				);
				GCC_WARN_64_TO_32_BIT_CONVERSION = YES;
				GCC_WARN_ABOUT_RETURN_TYPE = YES_ERROR;
				GCC_WARN_UNDECLARED_SELECTOR = YES;
				GCC_WARN_UNINITIALIZED_AUTOS = YES_AGGRESSIVE;
				GCC_WARN_UNUSED_FUNCTION = YES;
				GCC_WARN_UNUSED_VARIABLE = YES;
				IPHONEOS_DEPLOYMENT_TARGET = 11.3;
				MTL_ENABLE_DEBUG_INFO = YES;
				ONLY_ACTIVE_ARCH = YES;
				SDKROOT = iphoneos;
			};
			name = Debug;
		};
		9F76FF842089C5CB00C6553A /* Release */ = {
			isa = XCBuildConfiguration;
			buildSettings = {
				ALWAYS_SEARCH_USER_PATHS = NO;
				CLANG_ANALYZER_NONNULL = YES;
				CLANG_ANALYZER_NUMBER_OBJECT_CONVERSION = YES_AGGRESSIVE;
				CLANG_CXX_LANGUAGE_STANDARD = "gnu++14";
				CLANG_CXX_LIBRARY = "libc++";
				CLANG_ENABLE_MODULES = YES;
				CLANG_ENABLE_OBJC_ARC = YES;
				CLANG_ENABLE_OBJC_WEAK = YES;
				CLANG_WARN_BLOCK_CAPTURE_AUTORELEASING = YES;
				CLANG_WARN_BOOL_CONVERSION = YES;
				CLANG_WARN_COMMA = YES;
				CLANG_WARN_CONSTANT_CONVERSION = YES;
				CLANG_WARN_DEPRECATED_OBJC_IMPLEMENTATIONS = YES;
				CLANG_WARN_DIRECT_OBJC_ISA_USAGE = YES_ERROR;
				CLANG_WARN_DOCUMENTATION_COMMENTS = YES;
				CLANG_WARN_EMPTY_BODY = YES;
				CLANG_WARN_ENUM_CONVERSION = YES;
				CLANG_WARN_INFINITE_RECURSION = YES;
				CLANG_WARN_INT_CONVERSION = YES;
				CLANG_WARN_NON_LITERAL_NULL_CONVERSION = YES;
				CLANG_WARN_OBJC_IMPLICIT_RETAIN_SELF = YES;
				CLANG_WARN_OBJC_LITERAL_CONVERSION = YES;
				CLANG_WARN_OBJC_ROOT_CLASS = YES_ERROR;
				CLANG_WARN_RANGE_LOOP_ANALYSIS = YES;
				CLANG_WARN_STRICT_PROTOTYPES = YES;
				CLANG_WARN_SUSPICIOUS_MOVE = YES;
				CLANG_WARN_UNGUARDED_AVAILABILITY = YES_AGGRESSIVE;
				CLANG_WARN_UNREACHABLE_CODE = YES;
				CLANG_WARN__DUPLICATE_METHOD_MATCH = YES;
				CODE_SIGN_IDENTITY = "iPhone Developer";
				COPY_PHASE_STRIP = NO;
				DEBUG_INFORMATION_FORMAT = "dwarf-with-dsym";
				ENABLE_NS_ASSERTIONS = NO;
				ENABLE_STRICT_OBJC_MSGSEND = YES;
				GCC_C_LANGUAGE_STANDARD = gnu11;
				GCC_NO_COMMON_BLOCKS = YES;
				GCC_WARN_64_TO_32_BIT_CONVERSION = YES;
				GCC_WARN_ABOUT_RETURN_TYPE = YES_ERROR;
				GCC_WARN_UNDECLARED_SELECTOR = YES;
				GCC_WARN_UNINITIALIZED_AUTOS = YES_AGGRESSIVE;
				GCC_WARN_UNUSED_FUNCTION = YES;
				GCC_WARN_UNUSED_VARIABLE = YES;
				IPHONEOS_DEPLOYMENT_TARGET = 11.3;
				MTL_ENABLE_DEBUG_INFO = NO;
				SDKROOT = iphoneos;
				VALIDATE_PRODUCT = YES;
			};
			name = Release;
		};
		9F76FF862089C5CB00C6553A /* Debug */ = {
			isa = XCBuildConfiguration;
			baseConfigurationReference = DF2626B9DD0F18C54C3330A0 /* Pods-SJInfiniteScrollViewDemo.debug.xcconfig */;
			buildSettings = {
				ASSETCATALOG_COMPILER_APPICON_NAME = AppIcon;
				CODE_SIGN_STYLE = Automatic;
				DEVELOPMENT_TEAM = A26RT57CY4;
				HEADER_SEARCH_PATHS = (
					"$(inherited)",
					"\"${PODS_ROOT}/Headers/Public\"",
					"\"${PODS_ROOT}/Headers/Public/MJExtension\"",
					"\"${PODS_ROOT}/Headers/Public/Masonry\"",
					"\"${PODS_ROOT}/Headers/Public/SDWebImage\"",
					"\"$(SRCROOT)/SJInfiniteScrollView\"",
				);
				INFOPLIST_FILE = SJInfiniteScrollViewDemo/Info.plist;
				LD_RUNPATH_SEARCH_PATHS = (
					"$(inherited)",
					"@executable_path/Frameworks",
				);
				PRODUCT_BUNDLE_IDENTIFIER = com.CLap.SJInfiniteScrollViewDemo;
				PRODUCT_NAME = "$(TARGET_NAME)";
				TARGETED_DEVICE_FAMILY = "1,2";
			};
			name = Debug;
		};
		9F76FF872089C5CB00C6553A /* Release */ = {
			isa = XCBuildConfiguration;
			baseConfigurationReference = 7F4F70C5906DD358A847CD64 /* Pods-SJInfiniteScrollViewDemo.release.xcconfig */;
			buildSettings = {
				ASSETCATALOG_COMPILER_APPICON_NAME = AppIcon;
				CODE_SIGN_STYLE = Automatic;
				DEVELOPMENT_TEAM = A26RT57CY4;
				HEADER_SEARCH_PATHS = (
					"$(inherited)",
					"\"${PODS_ROOT}/Headers/Public\"",
					"\"${PODS_ROOT}/Headers/Public/MJExtension\"",
					"\"${PODS_ROOT}/Headers/Public/Masonry\"",
					"\"${PODS_ROOT}/Headers/Public/SDWebImage\"",
					"\"$(SRCROOT)/SJInfiniteScrollView\"",
				);
				INFOPLIST_FILE = SJInfiniteScrollViewDemo/Info.plist;
				LD_RUNPATH_SEARCH_PATHS = (
					"$(inherited)",
					"@executable_path/Frameworks",
				);
				PRODUCT_BUNDLE_IDENTIFIER = com.CLap.SJInfiniteScrollViewDemo;
				PRODUCT_NAME = "$(TARGET_NAME)";
				TARGETED_DEVICE_FAMILY = "1,2";
			};
			name = Release;
		};
		9F76FF892089C5CB00C6553A /* Debug */ = {
			isa = XCBuildConfiguration;
			buildSettings = {
				BUNDLE_LOADER = "$(TEST_HOST)";
				CODE_SIGN_STYLE = Automatic;
				DEVELOPMENT_TEAM = A26RT57CY4;
				INFOPLIST_FILE = SJInfiniteScrollViewDemoTests/Info.plist;
				LD_RUNPATH_SEARCH_PATHS = (
					"$(inherited)",
					"@executable_path/Frameworks",
					"@loader_path/Frameworks",
				);
				PRODUCT_BUNDLE_IDENTIFIER = com.CLap.SJInfiniteScrollViewDemoTests;
				PRODUCT_NAME = "$(TARGET_NAME)";
				TARGETED_DEVICE_FAMILY = "1,2";
				TEST_HOST = "$(BUILT_PRODUCTS_DIR)/SJInfiniteScrollViewDemo.app/SJInfiniteScrollViewDemo";
			};
			name = Debug;
		};
		9F76FF8A2089C5CB00C6553A /* Release */ = {
			isa = XCBuildConfiguration;
			buildSettings = {
				BUNDLE_LOADER = "$(TEST_HOST)";
				CODE_SIGN_STYLE = Automatic;
				DEVELOPMENT_TEAM = A26RT57CY4;
				INFOPLIST_FILE = SJInfiniteScrollViewDemoTests/Info.plist;
				LD_RUNPATH_SEARCH_PATHS = (
					"$(inherited)",
					"@executable_path/Frameworks",
					"@loader_path/Frameworks",
				);
				PRODUCT_BUNDLE_IDENTIFIER = com.CLap.SJInfiniteScrollViewDemoTests;
				PRODUCT_NAME = "$(TARGET_NAME)";
				TARGETED_DEVICE_FAMILY = "1,2";
				TEST_HOST = "$(BUILT_PRODUCTS_DIR)/SJInfiniteScrollViewDemo.app/SJInfiniteScrollViewDemo";
			};
			name = Release;
		};
		9F76FF8C2089C5CB00C6553A /* Debug */ = {
			isa = XCBuildConfiguration;
			buildSettings = {
				CODE_SIGN_STYLE = Automatic;
				DEVELOPMENT_TEAM = A26RT57CY4;
				INFOPLIST_FILE = SJInfiniteScrollViewDemoUITests/Info.plist;
				LD_RUNPATH_SEARCH_PATHS = (
					"$(inherited)",
					"@executable_path/Frameworks",
					"@loader_path/Frameworks",
				);
				PRODUCT_BUNDLE_IDENTIFIER = com.CLap.SJInfiniteScrollViewDemoUITests;
				PRODUCT_NAME = "$(TARGET_NAME)";
				TARGETED_DEVICE_FAMILY = "1,2";
				TEST_TARGET_NAME = SJInfiniteScrollViewDemo;
			};
			name = Debug;
		};
		9F76FF8D2089C5CB00C6553A /* Release */ = {
			isa = XCBuildConfiguration;
			buildSettings = {
				CODE_SIGN_STYLE = Automatic;
				DEVELOPMENT_TEAM = A26RT57CY4;
				INFOPLIST_FILE = SJInfiniteScrollViewDemoUITests/Info.plist;
				LD_RUNPATH_SEARCH_PATHS = (
					"$(inherited)",
					"@executable_path/Frameworks",
					"@loader_path/Frameworks",
				);
				PRODUCT_BUNDLE_IDENTIFIER = com.CLap.SJInfiniteScrollViewDemoUITests;
				PRODUCT_NAME = "$(TARGET_NAME)";
				TARGETED_DEVICE_FAMILY = "1,2";
				TEST_TARGET_NAME = SJInfiniteScrollViewDemo;
			};
			name = Release;
		};
/* End XCBuildConfiguration section */

/* Begin XCConfigurationList section */
		9F76FF542089C5C800C6553A /* Build configuration list for PBXProject "SJInfiniteScrollViewDemo" */ = {
			isa = XCConfigurationList;
			buildConfigurations = (
				9F76FF832089C5CB00C6553A /* Debug */,
				9F76FF842089C5CB00C6553A /* Release */,
			);
			defaultConfigurationIsVisible = 0;
			defaultConfigurationName = Release;
		};
		9F76FF852089C5CB00C6553A /* Build configuration list for PBXNativeTarget "SJInfiniteScrollViewDemo" */ = {
			isa = XCConfigurationList;
			buildConfigurations = (
				9F76FF862089C5CB00C6553A /* Debug */,
				9F76FF872089C5CB00C6553A /* Release */,
			);
			defaultConfigurationIsVisible = 0;
			defaultConfigurationName = Release;
		};
		9F76FF882089C5CB00C6553A /* Build configuration list for PBXNativeTarget "SJInfiniteScrollViewDemoTests" */ = {
			isa = XCConfigurationList;
			buildConfigurations = (
				9F76FF892089C5CB00C6553A /* Debug */,
				9F76FF8A2089C5CB00C6553A /* Release */,
			);
			defaultConfigurationIsVisible = 0;
			defaultConfigurationName = Release;
		};
		9F76FF8B2089C5CB00C6553A /* Build configuration list for PBXNativeTarget "SJInfiniteScrollViewDemoUITests" */ = {
			isa = XCConfigurationList;
			buildConfigurations = (
				9F76FF8C2089C5CB00C6553A /* Debug */,
				9F76FF8D2089C5CB00C6553A /* Release */,
			);
			defaultConfigurationIsVisible = 0;
			defaultConfigurationName = Release;
		};
/* End XCConfigurationList section */
	};
	rootObject = 9F76FF512089C5C800C6553A /* Project object */;
}
