// !$*UTF8*$!
{
	archiveVersion = 1;
	classes = {
	};
	objectVersion = 50;
	objects = {

/* Begin PBXBuildFile section */
		8102683E4061B64388DA261F /* libPods-SJInfiniteScrollViewDemo.a in Frameworks */ = {isa = PBXBuildFile; fileRef = 0B5DFCAEFFF0D4B08E5F0E5C /* libPods-SJInfiniteScrollViewDemo.a */; };
		9F76FF2F20898F3A00C6553A /* UIImage+WebP.m in Sources */ = {isa = PBXBuildFile; fileRef = 9F76FEF220898F3A00C6553A /* UIImage+WebP.m */; };
		9F76FF3020898F3A00C6553A /* MKAnnotationView+WebCache.m in Sources */ = {isa = PBXBuildFile; fileRef = 9F76FEF320898F3A00C6553A /* MKAnnotationView+WebCache.m */; };
		9F76FF3120898F3A00C6553A /* SDWebImageManager.m in Sources */ = {isa = PBXBuildFile; fileRef = 9F76FEFA20898F3A00C6553A /* SDWebImageManager.m */; };
		9F76FF3220898F3A00C6553A /* UIImageView+HighlightedWebCache.m in Sources */ = {isa = PBXBuildFile; fileRef = 9F76FEFC20898F3A00C6553A /* UIImageView+HighlightedWebCache.m */; };
		9F76FF3320898F3A00C6553A /* SDWebImageFrame.m in Sources */ = {isa = PBXBuildFile; fileRef = 9F76FEFD20898F3A00C6553A /* SDWebImageFrame.m */; };
		9F76FF3420898F3A00C6553A /* UIImage+ForceDecode.m in Sources */ = {isa = PBXBuildFile; fileRef = 9F76FEFF20898F3A00C6553A /* UIImage+ForceDecode.m */; };
		9F76FF3520898F3A00C6553A /* SDWebImageCodersManager.m in Sources */ = {isa = PBXBuildFile; fileRef = 9F76FF0120898F3A00C6553A /* SDWebImageCodersManager.m */; };
		9F76FF3720898F3A00C6553A /* SDWebImageDownloader.m in Sources */ = {isa = PBXBuildFile; fileRef = 9F76FF0520898F3A00C6553A /* SDWebImageDownloader.m */; };
		9F76FF3820898F3A00C6553A /* UIImage+GIF.m in Sources */ = {isa = PBXBuildFile; fileRef = 9F76FF0820898F3A00C6553A /* UIImage+GIF.m */; };
		9F76FF3920898F3A00C6553A /* UIImage+MultiFormat.m in Sources */ = {isa = PBXBuildFile; fileRef = 9F76FF0A20898F3A00C6553A /* UIImage+MultiFormat.m */; };
		9F76FF3A20898F3A00C6553A /* SDWebImageCoderHelper.m in Sources */ = {isa = PBXBuildFile; fileRef = 9F76FF0B20898F3A00C6553A /* SDWebImageCoderHelper.m */; };
		9F76FF3B20898F3A00C6553A /* SDWebImageCompat.m in Sources */ = {isa = PBXBuildFile; fileRef = 9F76FF0C20898F3A00C6553A /* SDWebImageCompat.m */; };
		9F76FF3C20898F3A00C6553A /* SDWebImagePrefetcher.m in Sources */ = {isa = PBXBuildFile; fileRef = 9F76FF0E20898F3A00C6553A /* SDWebImagePrefetcher.m */; };
		9F76FF3D20898F3A00C6553A /* SDWebImageCoder.m in Sources */ = {isa = PBXBuildFile; fileRef = 9F76FF1120898F3A00C6553A /* SDWebImageCoder.m */; };
		9F76FF3E20898F3A00C6553A /* NSButton+WebCache.m in Sources */ = {isa = PBXBuildFile; fileRef = 9F76FF1220898F3A00C6553A /* NSButton+WebCache.m */; };
		9F76FF3F20898F3A00C6553A /* SDAnimatedImageRep.m in Sources */ = {isa = PBXBuildFile; fileRef = 9F76FF1520898F3A00C6553A /* SDAnimatedImageRep.m */; };
		9F76FF4020898F3A00C6553A /* SDImageCache.m in Sources */ = {isa = PBXBuildFile; fileRef = 9F76FF1620898F3A00C6553A /* SDImageCache.m */; };
		9F76FF4120898F3A00C6553A /* SDWebImageDownloaderOperation.m in Sources */ = {isa = PBXBuildFile; fileRef = 9F76FF1920898F3A00C6553A /* SDWebImageDownloaderOperation.m */; };
		9F76FF4220898F3A00C6553A /* SDWebImageTransition.m in Sources */ = {isa = PBXBuildFile; fileRef = 9F76FF1A20898F3A00C6553A /* SDWebImageTransition.m */; };
		9F76FF4320898F3A00C6553A /* NSData+ImageContentType.m in Sources */ = {isa = PBXBuildFile; fileRef = 9F76FF1C20898F3A00C6553A /* NSData+ImageContentType.m */; };
		9F76FF4420898F3A00C6553A /* UIImageView+WebCache.m in Sources */ = {isa = PBXBuildFile; fileRef = 9F76FF1D20898F3A00C6553A /* UIImageView+WebCache.m */; };
		9F76FF4520898F3A00C6553A /* NSImage+WebCache.m in Sources */ = {isa = PBXBuildFile; fileRef = 9F76FF1F20898F3A00C6553A /* NSImage+WebCache.m */; };
		9F76FF4620898F3A00C6553A /* SDWebImageGIFCoder.m in Sources */ = {isa = PBXBuildFile; fileRef = 9F76FF2020898F3A00C6553A /* SDWebImageGIFCoder.m */; };
		9F76FF4720898F3A00C6553A /* SDImageCacheConfig.m in Sources */ = {isa = PBXBuildFile; fileRef = 9F76FF2220898F3A00C6553A /* SDImageCacheConfig.m */; };
		9F76FF4820898F3A00C6553A /* UIView+WebCacheOperation.m in Sources */ = {isa = PBXBuildFile; fileRef = 9F76FF2520898F3A00C6553A /* UIView+WebCacheOperation.m */; };
		9F76FF4920898F3A00C6553A /* UIView+WebCache.m in Sources */ = {isa = PBXBuildFile; fileRef = 9F76FF2620898F3A00C6553A /* UIView+WebCache.m */; };
		9F76FF4A20898F3A00C6553A /* SDWebImageImageIOCoder.m in Sources */ = {isa = PBXBuildFile; fileRef = 9F76FF2820898F3A00C6553A /* SDWebImageImageIOCoder.m */; };
		9F76FF4B20898F3A00C6553A /* UIButton+WebCache.m in Sources */ = {isa = PBXBuildFile; fileRef = 9F76FF2C20898F3A00C6553A /* UIButton+WebCache.m */; };
		9F76FF4C20898F3A00C6553A /* SDWebImageWebPCoder.m in Sources */ = {isa = PBXBuildFile; fileRef = 9F76FF2D20898F3A00C6553A /* SDWebImageWebPCoder.m */; };
		9FDA9F152088610300BE441B /* AppDelegate.m in Sources */ = {isa = PBXBuildFile; fileRef = 9FDA9F142088610300BE441B /* AppDelegate.m */; };
		9FDA9F182088610300BE441B /* ViewController.m in Sources */ = {isa = PBXBuildFile; fileRef = 9FDA9F172088610300BE441B /* ViewController.m */; };
		9FDA9F1B2088610300BE441B /* Main.storyboard in Resources */ = {isa = PBXBuildFile; fileRef = 9FDA9F192088610300BE441B /* Main.storyboard */; };
		9FDA9F1D2088610600BE441B /* Assets.xcassets in Resources */ = {isa = PBXBuildFile; fileRef = 9FDA9F1C2088610600BE441B /* Assets.xcassets */; };
		9FDA9F202088610600BE441B /* LaunchScreen.storyboard in Resources */ = {isa = PBXBuildFile; fileRef = 9FDA9F1E2088610600BE441B /* LaunchScreen.storyboard */; };
		9FDA9F232088610600BE441B /* main.m in Sources */ = {isa = PBXBuildFile; fileRef = 9FDA9F222088610600BE441B /* main.m */; };
		9FDA9F2D2088610600BE441B /* SJInfiniteScrollViewDemoTests.m in Sources */ = {isa = PBXBuildFile; fileRef = 9FDA9F2C2088610600BE441B /* SJInfiniteScrollViewDemoTests.m */; };
		9FDA9F382088610600BE441B /* SJInfiniteScrollViewDemoUITests.m in Sources */ = {isa = PBXBuildFile; fileRef = 9FDA9F372088610600BE441B /* SJInfiniteScrollViewDemoUITests.m */; };
		9FDA9F7120886EC600BE441B /* SJInfiniteScrollView.m in Sources */ = {isa = PBXBuildFile; fileRef = 9FDA9F6A20886EC600BE441B /* SJInfiniteScrollView.m */; };
		9FDA9F7220886EC600BE441B /* SJInfiniteSubView.m in Sources */ = {isa = PBXBuildFile; fileRef = 9FDA9F6C20886EC600BE441B /* SJInfiniteSubView.m */; };
		9FDA9F7320886EC600BE441B /* SJInfiniteItem.m in Sources */ = {isa = PBXBuildFile; fileRef = 9FDA9F6E20886EC600BE441B /* SJInfiniteItem.m */; };
		9FDA9F7420886EC600BE441B /* UIView+SJInfiniteScrollView.m in Sources */ = {isa = PBXBuildFile; fileRef = 9FDA9F6F20886EC600BE441B /* UIView+SJInfiniteScrollView.m */; };
/* End PBXBuildFile section */

/* Begin PBXContainerItemProxy section */
		9FDA9F292088610600BE441B /* PBXContainerItemProxy */ = {
			isa = PBXContainerItemProxy;
			containerPortal = 9FDA9F082088610300BE441B /* Project object */;
			proxyType = 1;
			remoteGlobalIDString = 9FDA9F0F2088610300BE441B;
			remoteInfo = SJInfiniteScrollViewDemo;
		};
		9FDA9F342088610600BE441B /* PBXContainerItemProxy */ = {
			isa = PBXContainerItemProxy;
			containerPortal = 9FDA9F082088610300BE441B /* Project object */;
			proxyType = 1;
			remoteGlobalIDString = 9FDA9F0F2088610300BE441B;
			remoteInfo = SJInfiniteScrollViewDemo;
		};
/* End PBXContainerItemProxy section */

/* Begin PBXFileReference section */
		0B5DFCAEFFF0D4B08E5F0E5C /* libPods-SJInfiniteScrollViewDemo.a */ = {isa = PBXFileReference; explicitFileType = archive.ar; includeInIndex = 0; path = "libPods-SJInfiniteScrollViewDemo.a"; sourceTree = BUILT_PRODUCTS_DIR; };
		9F76FEF120898F3A00C6553A /* SDAnimatedImageRep.h */ = {isa = PBXFileReference; fileEncoding = 4; lastKnownFileType = sourcecode.c.h; path = SDAnimatedImageRep.h; sourceTree = "<group>"; };
		9F76FEF220898F3A00C6553A /* UIImage+WebP.m */ = {isa = PBXFileReference; fileEncoding = 4; lastKnownFileType = sourcecode.c.objc; path = "UIImage+WebP.m"; sourceTree = "<group>"; };
		9F76FEF320898F3A00C6553A /* MKAnnotationView+WebCache.m */ = {isa = PBXFileReference; fileEncoding = 4; lastKnownFileType = sourcecode.c.objc; path = "MKAnnotationView+WebCache.m"; sourceTree = "<group>"; };
		9F76FEF420898F3A00C6553A /* NSButton+WebCache.h */ = {isa = PBXFileReference; fileEncoding = 4; lastKnownFileType = sourcecode.c.h; path = "NSButton+WebCache.h"; sourceTree = "<group>"; };
		9F76FEF520898F3A00C6553A /* SDWebImageCoder.h */ = {isa = PBXFileReference; fileEncoding = 4; lastKnownFileType = sourcecode.c.h; path = SDWebImageCoder.h; sourceTree = "<group>"; };
		9F76FEF620898F3A00C6553A /* NSImage+WebCache.h */ = {isa = PBXFileReference; fileEncoding = 4; lastKnownFileType = sourcecode.c.h; path = "NSImage+WebCache.h"; sourceTree = "<group>"; };
		9F76FEF720898F3A00C6553A /* UIImageView+WebCache.h */ = {isa = PBXFileReference; fileEncoding = 4; lastKnownFileType = sourcecode.c.h; path = "UIImageView+WebCache.h"; sourceTree = "<group>"; };
		9F76FEF820898F3A00C6553A /* NSData+ImageContentType.h */ = {isa = PBXFileReference; fileEncoding = 4; lastKnownFileType = sourcecode.c.h; path = "NSData+ImageContentType.h"; sourceTree = "<group>"; };
		9F76FEF920898F3A00C6553A /* SDWebImageTransition.h */ = {isa = PBXFileReference; fileEncoding = 4; lastKnownFileType = sourcecode.c.h; path = SDWebImageTransition.h; sourceTree = "<group>"; };
		9F76FEFA20898F3A00C6553A /* SDWebImageManager.m */ = {isa = PBXFileReference; fileEncoding = 4; lastKnownFileType = sourcecode.c.objc; path = SDWebImageManager.m; sourceTree = "<group>"; };
		9F76FEFB20898F3A00C6553A /* SDWebImageDownloaderOperation.h */ = {isa = PBXFileReference; fileEncoding = 4; lastKnownFileType = sourcecode.c.h; path = SDWebImageDownloaderOperation.h; sourceTree = "<group>"; };
		9F76FEFC20898F3A00C6553A /* UIImageView+HighlightedWebCache.m */ = {isa = PBXFileReference; fileEncoding = 4; lastKnownFileType = sourcecode.c.objc; path = "UIImageView+HighlightedWebCache.m"; sourceTree = "<group>"; };
		9F76FEFD20898F3A00C6553A /* SDWebImageFrame.m */ = {isa = PBXFileReference; fileEncoding = 4; lastKnownFileType = sourcecode.c.objc; path = SDWebImageFrame.m; sourceTree = "<group>"; };
		9F76FEFE20898F3A00C6553A /* SDImageCache.h */ = {isa = PBXFileReference; fileEncoding = 4; lastKnownFileType = sourcecode.c.h; path = SDImageCache.h; sourceTree = "<group>"; };
		9F76FEFF20898F3A00C6553A /* UIImage+ForceDecode.m */ = {isa = PBXFileReference; fileEncoding = 4; lastKnownFileType = sourcecode.c.objc; path = "UIImage+ForceDecode.m"; sourceTree = "<group>"; };
		9F76FF0020898F3A00C6553A /* SDImageCacheConfig.h */ = {isa = PBXFileReference; fileEncoding = 4; lastKnownFileType = sourcecode.c.h; path = SDImageCacheConfig.h; sourceTree = "<group>"; };
		9F76FF0120898F3A00C6553A /* SDWebImageCodersManager.m */ = {isa = PBXFileReference; fileEncoding = 4; lastKnownFileType = sourcecode.c.objc; path = SDWebImageCodersManager.m; sourceTree = "<group>"; };
		9F76FF0520898F3A00C6553A /* SDWebImageDownloader.m */ = {isa = PBXFileReference; fileEncoding = 4; lastKnownFileType = sourcecode.c.objc; path = SDWebImageDownloader.m; sourceTree = "<group>"; };
		9F76FF0620898F3A00C6553A /* SDWebImageGIFCoder.h */ = {isa = PBXFileReference; fileEncoding = 4; lastKnownFileType = sourcecode.c.h; path = SDWebImageGIFCoder.h; sourceTree = "<group>"; };
		9F76FF0720898F3A00C6553A /* SDWebImageWebPCoder.h */ = {isa = PBXFileReference; fileEncoding = 4; lastKnownFileType = sourcecode.c.h; path = SDWebImageWebPCoder.h; sourceTree = "<group>"; };
		9F76FF0820898F3A00C6553A /* UIImage+GIF.m */ = {isa = PBXFileReference; fileEncoding = 4; lastKnownFileType = sourcecode.c.objc; path = "UIImage+GIF.m"; sourceTree = "<group>"; };
		9F76FF0920898F3A00C6553A /* UIButton+WebCache.h */ = {isa = PBXFileReference; fileEncoding = 4; lastKnownFileType = sourcecode.c.h; path = "UIButton+WebCache.h"; sourceTree = "<group>"; };
		9F76FF0A20898F3A00C6553A /* UIImage+MultiFormat.m */ = {isa = PBXFileReference; fileEncoding = 4; lastKnownFileType = sourcecode.c.objc; path = "UIImage+MultiFormat.m"; sourceTree = "<group>"; };
		9F76FF0B20898F3A00C6553A /* SDWebImageCoderHelper.m */ = {isa = PBXFileReference; fileEncoding = 4; lastKnownFileType = sourcecode.c.objc; path = SDWebImageCoderHelper.m; sourceTree = "<group>"; };
		9F76FF0C20898F3A00C6553A /* SDWebImageCompat.m */ = {isa = PBXFileReference; fileEncoding = 4; lastKnownFileType = sourcecode.c.objc; path = SDWebImageCompat.m; sourceTree = "<group>"; };
		9F76FF0D20898F3A00C6553A /* SDWebImageImageIOCoder.h */ = {isa = PBXFileReference; fileEncoding = 4; lastKnownFileType = sourcecode.c.h; path = SDWebImageImageIOCoder.h; sourceTree = "<group>"; };
		9F76FF0E20898F3A00C6553A /* SDWebImagePrefetcher.m */ = {isa = PBXFileReference; fileEncoding = 4; lastKnownFileType = sourcecode.c.objc; path = SDWebImagePrefetcher.m; sourceTree = "<group>"; };
		9F76FF0F20898F3A00C6553A /* UIView+WebCache.h */ = {isa = PBXFileReference; fileEncoding = 4; lastKnownFileType = sourcecode.c.h; path = "UIView+WebCache.h"; sourceTree = "<group>"; };
		9F76FF1020898F3A00C6553A /* UIView+WebCacheOperation.h */ = {isa = PBXFileReference; fileEncoding = 4; lastKnownFileType = sourcecode.c.h; path = "UIView+WebCacheOperation.h"; sourceTree = "<group>"; };
		9F76FF1120898F3A00C6553A /* SDWebImageCoder.m */ = {isa = PBXFileReference; fileEncoding = 4; lastKnownFileType = sourcecode.c.objc; path = SDWebImageCoder.m; sourceTree = "<group>"; };
		9F76FF1220898F3A00C6553A /* NSButton+WebCache.m */ = {isa = PBXFileReference; fileEncoding = 4; lastKnownFileType = sourcecode.c.objc; path = "NSButton+WebCache.m"; sourceTree = "<group>"; };
		9F76FF1320898F3A00C6553A /* MKAnnotationView+WebCache.h */ = {isa = PBXFileReference; fileEncoding = 4; lastKnownFileType = sourcecode.c.h; path = "MKAnnotationView+WebCache.h"; sourceTree = "<group>"; };
		9F76FF1420898F3A00C6553A /* UIImage+WebP.h */ = {isa = PBXFileReference; fileEncoding = 4; lastKnownFileType = sourcecode.c.h; path = "UIImage+WebP.h"; sourceTree = "<group>"; };
		9F76FF1520898F3A00C6553A /* SDAnimatedImageRep.m */ = {isa = PBXFileReference; fileEncoding = 4; lastKnownFileType = sourcecode.c.objc; path = SDAnimatedImageRep.m; sourceTree = "<group>"; };
		9F76FF1620898F3A00C6553A /* SDImageCache.m */ = {isa = PBXFileReference; fileEncoding = 4; lastKnownFileType = sourcecode.c.objc; path = SDImageCache.m; sourceTree = "<group>"; };
		9F76FF1720898F3A00C6553A /* SDWebImageFrame.h */ = {isa = PBXFileReference; fileEncoding = 4; lastKnownFileType = sourcecode.c.h; path = SDWebImageFrame.h; sourceTree = "<group>"; };
		9F76FF1820898F3A00C6553A /* UIImageView+HighlightedWebCache.h */ = {isa = PBXFileReference; fileEncoding = 4; lastKnownFileType = sourcecode.c.h; path = "UIImageView+HighlightedWebCache.h"; sourceTree = "<group>"; };
		9F76FF1920898F3A00C6553A /* SDWebImageDownloaderOperation.m */ = {isa = PBXFileReference; fileEncoding = 4; lastKnownFileType = sourcecode.c.objc; path = SDWebImageDownloaderOperation.m; sourceTree = "<group>"; };
		9F76FF1A20898F3A00C6553A /* SDWebImageTransition.m */ = {isa = PBXFileReference; fileEncoding = 4; lastKnownFileType = sourcecode.c.objc; path = SDWebImageTransition.m; sourceTree = "<group>"; };
		9F76FF1B20898F3A00C6553A /* SDWebImageManager.h */ = {isa = PBXFileReference; fileEncoding = 4; lastKnownFileType = sourcecode.c.h; path = SDWebImageManager.h; sourceTree = "<group>"; };
		9F76FF1C20898F3A00C6553A /* NSData+ImageContentType.m */ = {isa = PBXFileReference; fileEncoding = 4; lastKnownFileType = sourcecode.c.objc; path = "NSData+ImageContentType.m"; sourceTree = "<group>"; };
		9F76FF1D20898F3A00C6553A /* UIImageView+WebCache.m */ = {isa = PBXFileReference; fileEncoding = 4; lastKnownFileType = sourcecode.c.objc; path = "UIImageView+WebCache.m"; sourceTree = "<group>"; };
		9F76FF1E20898F3A00C6553A /* SDWebImageOperation.h */ = {isa = PBXFileReference; fileEncoding = 4; lastKnownFileType = sourcecode.c.h; path = SDWebImageOperation.h; sourceTree = "<group>"; };
		9F76FF1F20898F3A00C6553A /* NSImage+WebCache.m */ = {isa = PBXFileReference; fileEncoding = 4; lastKnownFileType = sourcecode.c.objc; path = "NSImage+WebCache.m"; sourceTree = "<group>"; };
		9F76FF2020898F3A00C6553A /* SDWebImageGIFCoder.m */ = {isa = PBXFileReference; fileEncoding = 4; lastKnownFileType = sourcecode.c.objc; path = SDWebImageGIFCoder.m; sourceTree = "<group>"; };
		9F76FF2120898F3A00C6553A /* SDWebImageDownloader.h */ = {isa = PBXFileReference; fileEncoding = 4; lastKnownFileType = sourcecode.c.h; path = SDWebImageDownloader.h; sourceTree = "<group>"; };
		9F76FF2220898F3A00C6553A /* SDImageCacheConfig.m */ = {isa = PBXFileReference; fileEncoding = 4; lastKnownFileType = sourcecode.c.objc; path = SDImageCacheConfig.m; sourceTree = "<group>"; };
		9F76FF2320898F3A00C6553A /* SDWebImageCodersManager.h */ = {isa = PBXFileReference; fileEncoding = 4; lastKnownFileType = sourcecode.c.h; path = SDWebImageCodersManager.h; sourceTree = "<group>"; };
		9F76FF2420898F3A00C6553A /* UIImage+ForceDecode.h */ = {isa = PBXFileReference; fileEncoding = 4; lastKnownFileType = sourcecode.c.h; path = "UIImage+ForceDecode.h"; sourceTree = "<group>"; };
		9F76FF2520898F3A00C6553A /* UIView+WebCacheOperation.m */ = {isa = PBXFileReference; fileEncoding = 4; lastKnownFileType = sourcecode.c.objc; path = "UIView+WebCacheOperation.m"; sourceTree = "<group>"; };
		9F76FF2620898F3A00C6553A /* UIView+WebCache.m */ = {isa = PBXFileReference; fileEncoding = 4; lastKnownFileType = sourcecode.c.objc; path = "UIView+WebCache.m"; sourceTree = "<group>"; };
		9F76FF2720898F3A00C6553A /* SDWebImagePrefetcher.h */ = {isa = PBXFileReference; fileEncoding = 4; lastKnownFileType = sourcecode.c.h; path = SDWebImagePrefetcher.h; sourceTree = "<group>"; };
		9F76FF2820898F3A00C6553A /* SDWebImageImageIOCoder.m */ = {isa = PBXFileReference; fileEncoding = 4; lastKnownFileType = sourcecode.c.objc; path = SDWebImageImageIOCoder.m; sourceTree = "<group>"; };
		9F76FF2920898F3A00C6553A /* SDWebImageCompat.h */ = {isa = PBXFileReference; fileEncoding = 4; lastKnownFileType = sourcecode.c.h; path = SDWebImageCompat.h; sourceTree = "<group>"; };
		9F76FF2A20898F3A00C6553A /* SDWebImageCoderHelper.h */ = {isa = PBXFileReference; fileEncoding = 4; lastKnownFileType = sourcecode.c.h; path = SDWebImageCoderHelper.h; sourceTree = "<group>"; };
		9F76FF2B20898F3A00C6553A /* UIImage+MultiFormat.h */ = {isa = PBXFileReference; fileEncoding = 4; lastKnownFileType = sourcecode.c.h; path = "UIImage+MultiFormat.h"; sourceTree = "<group>"; };
		9F76FF2C20898F3A00C6553A /* UIButton+WebCache.m */ = {isa = PBXFileReference; fileEncoding = 4; lastKnownFileType = sourcecode.c.objc; path = "UIButton+WebCache.m"; sourceTree = "<group>"; };
		9F76FF2D20898F3A00C6553A /* SDWebImageWebPCoder.m */ = {isa = PBXFileReference; fileEncoding = 4; lastKnownFileType = sourcecode.c.objc; path = SDWebImageWebPCoder.m; sourceTree = "<group>"; };
		9F76FF2E20898F3A00C6553A /* UIImage+GIF.h */ = {isa = PBXFileReference; fileEncoding = 4; lastKnownFileType = sourcecode.c.h; path = "UIImage+GIF.h"; sourceTree = "<group>"; };
		9FB232C4CE0334BF71A0ADBA /* Pods-SJInfiniteScrollViewDemo.debug.xcconfig */ = {isa = PBXFileReference; includeInIndex = 1; lastKnownFileType = text.xcconfig; name = "Pods-SJInfiniteScrollViewDemo.debug.xcconfig"; path = "Pods/Target Support Files/Pods-SJInfiniteScrollViewDemo/Pods-SJInfiniteScrollViewDemo.debug.xcconfig"; sourceTree = "<group>"; };
		9FDA9F102088610300BE441B /* SJInfiniteScrollViewDemo.app */ = {isa = PBXFileReference; explicitFileType = wrapper.application; includeInIndex = 0; path = SJInfiniteScrollViewDemo.app; sourceTree = BUILT_PRODUCTS_DIR; };
		9FDA9F132088610300BE441B /* AppDelegate.h */ = {isa = PBXFileReference; lastKnownFileType = sourcecode.c.h; path = AppDelegate.h; sourceTree = "<group>"; };
		9FDA9F142088610300BE441B /* AppDelegate.m */ = {isa = PBXFileReference; lastKnownFileType = sourcecode.c.objc; path = AppDelegate.m; sourceTree = "<group>"; };
		9FDA9F162088610300BE441B /* ViewController.h */ = {isa = PBXFileReference; lastKnownFileType = sourcecode.c.h; path = ViewController.h; sourceTree = "<group>"; };
		9FDA9F172088610300BE441B /* ViewController.m */ = {isa = PBXFileReference; lastKnownFileType = sourcecode.c.objc; path = ViewController.m; sourceTree = "<group>"; };
		9FDA9F1A2088610300BE441B /* Base */ = {isa = PBXFileReference; lastKnownFileType = file.storyboard; name = Base; path = Base.lproj/Main.storyboard; sourceTree = "<group>"; };
		9FDA9F1C2088610600BE441B /* Assets.xcassets */ = {isa = PBXFileReference; lastKnownFileType = folder.assetcatalog; path = Assets.xcassets; sourceTree = "<group>"; };
		9FDA9F1F2088610600BE441B /* Base */ = {isa = PBXFileReference; lastKnownFileType = file.storyboard; name = Base; path = Base.lproj/LaunchScreen.storyboard; sourceTree = "<group>"; };
		9FDA9F212088610600BE441B /* Info.plist */ = {isa = PBXFileReference; lastKnownFileType = text.plist.xml; path = Info.plist; sourceTree = "<group>"; };
		9FDA9F222088610600BE441B /* main.m */ = {isa = PBXFileReference; lastKnownFileType = sourcecode.c.objc; path = main.m; sourceTree = "<group>"; };
		9FDA9F282088610600BE441B /* SJInfiniteScrollViewDemoTests.xctest */ = {isa = PBXFileReference; explicitFileType = wrapper.cfbundle; includeInIndex = 0; path = SJInfiniteScrollViewDemoTests.xctest; sourceTree = BUILT_PRODUCTS_DIR; };
		9FDA9F2C2088610600BE441B /* SJInfiniteScrollViewDemoTests.m */ = {isa = PBXFileReference; lastKnownFileType = sourcecode.c.objc; path = SJInfiniteScrollViewDemoTests.m; sourceTree = "<group>"; };
		9FDA9F2E2088610600BE441B /* Info.plist */ = {isa = PBXFileReference; lastKnownFileType = text.plist.xml; path = Info.plist; sourceTree = "<group>"; };
		9FDA9F332088610600BE441B /* SJInfiniteScrollViewDemoUITests.xctest */ = {isa = PBXFileReference; explicitFileType = wrapper.cfbundle; includeInIndex = 0; path = SJInfiniteScrollViewDemoUITests.xctest; sourceTree = BUILT_PRODUCTS_DIR; };
		9FDA9F372088610600BE441B /* SJInfiniteScrollViewDemoUITests.m */ = {isa = PBXFileReference; lastKnownFileType = sourcecode.c.objc; path = SJInfiniteScrollViewDemoUITests.m; sourceTree = "<group>"; };
		9FDA9F392088610600BE441B /* Info.plist */ = {isa = PBXFileReference; lastKnownFileType = text.plist.xml; path = Info.plist; sourceTree = "<group>"; };
		9FDA9F6820886EC600BE441B /* SJInfiniteSubView.h */ = {isa = PBXFileReference; fileEncoding = 4; lastKnownFileType = sourcecode.c.h; path = SJInfiniteSubView.h; sourceTree = "<group>"; };
		9FDA9F6920886EC600BE441B /* SJInfiniteItem.h */ = {isa = PBXFileReference; fileEncoding = 4; lastKnownFileType = sourcecode.c.h; path = SJInfiniteItem.h; sourceTree = "<group>"; };
		9FDA9F6A20886EC600BE441B /* SJInfiniteScrollView.m */ = {isa = PBXFileReference; fileEncoding = 4; lastKnownFileType = sourcecode.c.objc; path = SJInfiniteScrollView.m; sourceTree = "<group>"; };
		9FDA9F6B20886EC600BE441B /* UIView+SJInfiniteScrollView.h */ = {isa = PBXFileReference; fileEncoding = 4; lastKnownFileType = sourcecode.c.h; path = "UIView+SJInfiniteScrollView.h"; sourceTree = "<group>"; };
		9FDA9F6C20886EC600BE441B /* SJInfiniteSubView.m */ = {isa = PBXFileReference; fileEncoding = 4; lastKnownFileType = sourcecode.c.objc; path = SJInfiniteSubView.m; sourceTree = "<group>"; };
		9FDA9F6D20886EC600BE441B /* SJInfiniteScrollView.h */ = {isa = PBXFileReference; fileEncoding = 4; lastKnownFileType = sourcecode.c.h; path = SJInfiniteScrollView.h; sourceTree = "<group>"; };
		9FDA9F6E20886EC600BE441B /* SJInfiniteItem.m */ = {isa = PBXFileReference; fileEncoding = 4; lastKnownFileType = sourcecode.c.objc; path = SJInfiniteItem.m; sourceTree = "<group>"; };
		9FDA9F6F20886EC600BE441B /* UIView+SJInfiniteScrollView.m */ = {isa = PBXFileReference; fileEncoding = 4; lastKnownFileType = sourcecode.c.objc; path = "UIView+SJInfiniteScrollView.m"; sourceTree = "<group>"; };
		B42E0D90173B13C36F85DD08 /* Pods-SJInfiniteScrollViewDemo.release.xcconfig */ = {isa = PBXFileReference; includeInIndex = 1; lastKnownFileType = text.xcconfig; name = "Pods-SJInfiniteScrollViewDemo.release.xcconfig"; path = "Pods/Target Support Files/Pods-SJInfiniteScrollViewDemo/Pods-SJInfiniteScrollViewDemo.release.xcconfig"; sourceTree = "<group>"; };
/* End PBXFileReference section */

/* Begin PBXFrameworksBuildPhase section */
		9FDA9F0D2088610300BE441B /* Frameworks */ = {
			isa = PBXFrameworksBuildPhase;
			buildActionMask = 2147483647;
			files = (
				8102683E4061B64388DA261F /* libPods-SJInfiniteScrollViewDemo.a in Frameworks */,
			);
			runOnlyForDeploymentPostprocessing = 0;
		};
		9FDA9F252088610600BE441B /* Frameworks */ = {
			isa = PBXFrameworksBuildPhase;
			buildActionMask = 2147483647;
			files = (
			);
			runOnlyForDeploymentPostprocessing = 0;
		};
		9FDA9F302088610600BE441B /* Frameworks */ = {
			isa = PBXFrameworksBuildPhase;
			buildActionMask = 2147483647;
			files = (
			);
			runOnlyForDeploymentPostprocessing = 0;
		};
/* End PBXFrameworksBuildPhase section */

/* Begin PBXGroup section */
		2A0D7BE5BA2BC98D2E44BD80 /* Frameworks */ = {
			isa = PBXGroup;
			children = (
				0B5DFCAEFFF0D4B08E5F0E5C /* libPods-SJInfiniteScrollViewDemo.a */,
			);
			name = Frameworks;
			sourceTree = "<group>";
		};
		7889388865893BF779D8DAFA /* Pods */ = {
			isa = PBXGroup;
			children = (
				9FB232C4CE0334BF71A0ADBA /* Pods-SJInfiniteScrollViewDemo.debug.xcconfig */,
				B42E0D90173B13C36F85DD08 /* Pods-SJInfiniteScrollViewDemo.release.xcconfig */,
			);
			name = Pods;
			sourceTree = "<group>";
		};
		9F76FEF020898F3A00C6553A /* SDWebImage */ = {
			isa = PBXGroup;
			children = (
				9F76FEF120898F3A00C6553A /* SDAnimatedImageRep.h */,
				9F76FEF220898F3A00C6553A /* UIImage+WebP.m */,
				9F76FEF320898F3A00C6553A /* MKAnnotationView+WebCache.m */,
				9F76FEF420898F3A00C6553A /* NSButton+WebCache.h */,
				9F76FEF520898F3A00C6553A /* SDWebImageCoder.h */,
				9F76FEF620898F3A00C6553A /* NSImage+WebCache.h */,
				9F76FEF720898F3A00C6553A /* UIImageView+WebCache.h */,
				9F76FEF820898F3A00C6553A /* NSData+ImageContentType.h */,
				9F76FEF920898F3A00C6553A /* SDWebImageTransition.h */,
				9F76FEFA20898F3A00C6553A /* SDWebImageManager.m */,
				9F76FEFB20898F3A00C6553A /* SDWebImageDownloaderOperation.h */,
				9F76FEFC20898F3A00C6553A /* UIImageView+HighlightedWebCache.m */,
				9F76FEFD20898F3A00C6553A /* SDWebImageFrame.m */,
				9F76FEFE20898F3A00C6553A /* SDImageCache.h */,
				9F76FEFF20898F3A00C6553A /* UIImage+ForceDecode.m */,
				9F76FF0020898F3A00C6553A /* SDImageCacheConfig.h */,
				9F76FF0120898F3A00C6553A /* SDWebImageCodersManager.m */,
				9F76FF0520898F3A00C6553A /* SDWebImageDownloader.m */,
				9F76FF0620898F3A00C6553A /* SDWebImageGIFCoder.h */,
				9F76FF0720898F3A00C6553A /* SDWebImageWebPCoder.h */,
				9F76FF0820898F3A00C6553A /* UIImage+GIF.m */,
				9F76FF0920898F3A00C6553A /* UIButton+WebCache.h */,
				9F76FF0A20898F3A00C6553A /* UIImage+MultiFormat.m */,
				9F76FF0B20898F3A00C6553A /* SDWebImageCoderHelper.m */,
				9F76FF0C20898F3A00C6553A /* SDWebImageCompat.m */,
				9F76FF0D20898F3A00C6553A /* SDWebImageImageIOCoder.h */,
				9F76FF0E20898F3A00C6553A /* SDWebImagePrefetcher.m */,
				9F76FF0F20898F3A00C6553A /* UIView+WebCache.h */,
				9F76FF1020898F3A00C6553A /* UIView+WebCacheOperation.h */,
				9F76FF1120898F3A00C6553A /* SDWebImageCoder.m */,
				9F76FF1220898F3A00C6553A /* NSButton+WebCache.m */,
				9F76FF1320898F3A00C6553A /* MKAnnotationView+WebCache.h */,
				9F76FF1420898F3A00C6553A /* UIImage+WebP.h */,
				9F76FF1520898F3A00C6553A /* SDAnimatedImageRep.m */,
				9F76FF1620898F3A00C6553A /* SDImageCache.m */,
				9F76FF1720898F3A00C6553A /* SDWebImageFrame.h */,
				9F76FF1820898F3A00C6553A /* UIImageView+HighlightedWebCache.h */,
				9F76FF1920898F3A00C6553A /* SDWebImageDownloaderOperation.m */,
				9F76FF1A20898F3A00C6553A /* SDWebImageTransition.m */,
				9F76FF1B20898F3A00C6553A /* SDWebImageManager.h */,
				9F76FF1C20898F3A00C6553A /* NSData+ImageContentType.m */,
				9F76FF1D20898F3A00C6553A /* UIImageView+WebCache.m */,
				9F76FF1E20898F3A00C6553A /* SDWebImageOperation.h */,
				9F76FF1F20898F3A00C6553A /* NSImage+WebCache.m */,
				9F76FF2020898F3A00C6553A /* SDWebImageGIFCoder.m */,
				9F76FF2120898F3A00C6553A /* SDWebImageDownloader.h */,
				9F76FF2220898F3A00C6553A /* SDImageCacheConfig.m */,
				9F76FF2320898F3A00C6553A /* SDWebImageCodersManager.h */,
				9F76FF2420898F3A00C6553A /* UIImage+ForceDecode.h */,
				9F76FF2520898F3A00C6553A /* UIView+WebCacheOperation.m */,
				9F76FF2620898F3A00C6553A /* UIView+WebCache.m */,
				9F76FF2720898F3A00C6553A /* SDWebImagePrefetcher.h */,
				9F76FF2820898F3A00C6553A /* SDWebImageImageIOCoder.m */,
				9F76FF2920898F3A00C6553A /* SDWebImageCompat.h */,
				9F76FF2A20898F3A00C6553A /* SDWebImageCoderHelper.h */,
				9F76FF2B20898F3A00C6553A /* UIImage+MultiFormat.h */,
				9F76FF2C20898F3A00C6553A /* UIButton+WebCache.m */,
				9F76FF2D20898F3A00C6553A /* SDWebImageWebPCoder.m */,
				9F76FF2E20898F3A00C6553A /* UIImage+GIF.h */,
			);
			path = SDWebImage;
			sourceTree = "<group>";
		};
		9FDA9F072088610300BE441B = {
			isa = PBXGroup;
			children = (
				9FDA9F6620886EC600BE441B /* SJInfiniteScrollView */,
				9FDA9F122088610300BE441B /* SJInfiniteScrollViewDemo */,
				9FDA9F2B2088610600BE441B /* SJInfiniteScrollViewDemoTests */,
				9FDA9F362088610600BE441B /* SJInfiniteScrollViewDemoUITests */,
				9FDA9F112088610300BE441B /* Products */,
				7889388865893BF779D8DAFA /* Pods */,
				2A0D7BE5BA2BC98D2E44BD80 /* Frameworks */,
			);
			sourceTree = "<group>";
		};
		9FDA9F112088610300BE441B /* Products */ = {
			isa = PBXGroup;
			children = (
				9FDA9F102088610300BE441B /* SJInfiniteScrollViewDemo.app */,
				9FDA9F282088610600BE441B /* SJInfiniteScrollViewDemoTests.xctest */,
				9FDA9F332088610600BE441B /* SJInfiniteScrollViewDemoUITests.xctest */,
			);
			name = Products;
			sourceTree = "<group>";
		};
		9FDA9F122088610300BE441B /* SJInfiniteScrollViewDemo */ = {
			isa = PBXGroup;
			children = (
				9F76FEF020898F3A00C6553A /* SDWebImage */,
				9FDA9F132088610300BE441B /* AppDelegate.h */,
				9FDA9F142088610300BE441B /* AppDelegate.m */,
				9FDA9F162088610300BE441B /* ViewController.h */,
				9FDA9F172088610300BE441B /* ViewController.m */,
				9FDA9F192088610300BE441B /* Main.storyboard */,
				9FDA9F1C2088610600BE441B /* Assets.xcassets */,
				9FDA9F1E2088610600BE441B /* LaunchScreen.storyboard */,
				9FDA9F212088610600BE441B /* Info.plist */,
				9FDA9F222088610600BE441B /* main.m */,
			);
			path = SJInfiniteScrollViewDemo;
			sourceTree = "<group>";
		};
		9FDA9F2B2088610600BE441B /* SJInfiniteScrollViewDemoTests */ = {
			isa = PBXGroup;
			children = (
				9FDA9F2C2088610600BE441B /* SJInfiniteScrollViewDemoTests.m */,
				9FDA9F2E2088610600BE441B /* Info.plist */,
			);
			path = SJInfiniteScrollViewDemoTests;
			sourceTree = "<group>";
		};
		9FDA9F362088610600BE441B /* SJInfiniteScrollViewDemoUITests */ = {
			isa = PBXGroup;
			children = (
				9FDA9F372088610600BE441B /* SJInfiniteScrollViewDemoUITests.m */,
				9FDA9F392088610600BE441B /* Info.plist */,
			);
			path = SJInfiniteScrollViewDemoUITests;
			sourceTree = "<group>";
		};
		9FDA9F6620886EC600BE441B /* SJInfiniteScrollView */ = {
			isa = PBXGroup;
			children = (
				9FDA9F6D20886EC600BE441B /* SJInfiniteScrollView.h */,
				9FDA9F6A20886EC600BE441B /* SJInfiniteScrollView.m */,
				9FDA9F6820886EC600BE441B /* SJInfiniteSubView.h */,
				9FDA9F6C20886EC600BE441B /* SJInfiniteSubView.m */,
				9FDA9F6920886EC600BE441B /* SJInfiniteItem.h */,
				9FDA9F6E20886EC600BE441B /* SJInfiniteItem.m */,
				9FDA9F6B20886EC600BE441B /* UIView+SJInfiniteScrollView.h */,
				9FDA9F6F20886EC600BE441B /* UIView+SJInfiniteScrollView.m */,
			);
			path = SJInfiniteScrollView;
			sourceTree = SOURCE_ROOT;
		};
/* End PBXGroup section */

/* Begin PBXNativeTarget section */
		9FDA9F0F2088610300BE441B /* SJInfiniteScrollViewDemo */ = {
			isa = PBXNativeTarget;
			buildConfigurationList = 9FDA9F3C2088610600BE441B /* Build configuration list for PBXNativeTarget "SJInfiniteScrollViewDemo" */;
			buildPhases = (
				422C0E5A3D19A013A5E8ACA1 /* [CP] Check Pods Manifest.lock */,
				9FDA9F0C2088610300BE441B /* Sources */,
				9FDA9F0D2088610300BE441B /* Frameworks */,
				9FDA9F0E2088610300BE441B /* Resources */,
			);
			buildRules = (
			);
			dependencies = (
			);
			name = SJInfiniteScrollViewDemo;
			productName = SJInfiniteScrollViewDemo;
			productReference = 9FDA9F102088610300BE441B /* SJInfiniteScrollViewDemo.app */;
			productType = "com.apple.product-type.application";
		};
		9FDA9F272088610600BE441B /* SJInfiniteScrollViewDemoTests */ = {
			isa = PBXNativeTarget;
			buildConfigurationList = 9FDA9F3F2088610600BE441B /* Build configuration list for PBXNativeTarget "SJInfiniteScrollViewDemoTests" */;
			buildPhases = (
				9FDA9F242088610600BE441B /* Sources */,
				9FDA9F252088610600BE441B /* Frameworks */,
				9FDA9F262088610600BE441B /* Resources */,
			);
			buildRules = (
			);
			dependencies = (
				9FDA9F2A2088610600BE441B /* PBXTargetDependency */,
			);
			name = SJInfiniteScrollViewDemoTests;
			productName = SJInfiniteScrollViewDemoTests;
			productReference = 9FDA9F282088610600BE441B /* SJInfiniteScrollViewDemoTests.xctest */;
			productType = "com.apple.product-type.bundle.unit-test";
		};
		9FDA9F322088610600BE441B /* SJInfiniteScrollViewDemoUITests */ = {
			isa = PBXNativeTarget;
			buildConfigurationList = 9FDA9F422088610600BE441B /* Build configuration list for PBXNativeTarget "SJInfiniteScrollViewDemoUITests" */;
			buildPhases = (
				9FDA9F2F2088610600BE441B /* Sources */,
				9FDA9F302088610600BE441B /* Frameworks */,
				9FDA9F312088610600BE441B /* Resources */,
			);
			buildRules = (
			);
			dependencies = (
				9FDA9F352088610600BE441B /* PBXTargetDependency */,
			);
			name = SJInfiniteScrollViewDemoUITests;
			productName = SJInfiniteScrollViewDemoUITests;
			productReference = 9FDA9F332088610600BE441B /* SJInfiniteScrollViewDemoUITests.xctest */;
			productType = "com.apple.product-type.bundle.ui-testing";
		};
/* End PBXNativeTarget section */

/* Begin PBXProject section */
		9FDA9F082088610300BE441B /* Project object */ = {
			isa = PBXProject;
			attributes = {
				LastUpgradeCheck = 0930;
				ORGANIZATIONNAME = "沈骏";
				TargetAttributes = {
					9FDA9F0F2088610300BE441B = {
						CreatedOnToolsVersion = 9.3;
					};
					9FDA9F272088610600BE441B = {
						CreatedOnToolsVersion = 9.3;
						TestTargetID = 9FDA9F0F2088610300BE441B;
					};
					9FDA9F322088610600BE441B = {
						CreatedOnToolsVersion = 9.3;
						TestTargetID = 9FDA9F0F2088610300BE441B;
					};
				};
			};
			buildConfigurationList = 9FDA9F0B2088610300BE441B /* Build configuration list for PBXProject "SJInfiniteScrollViewDemo" */;
			compatibilityVersion = "Xcode 9.3";
			developmentRegion = en;
			hasScannedForEncodings = 0;
			knownRegions = (
				en,
				Base,
			);
			mainGroup = 9FDA9F072088610300BE441B;
			productRefGroup = 9FDA9F112088610300BE441B /* Products */;
			projectDirPath = "";
			projectRoot = "";
			targets = (
				9FDA9F0F2088610300BE441B /* SJInfiniteScrollViewDemo */,
				9FDA9F272088610600BE441B /* SJInfiniteScrollViewDemoTests */,
				9FDA9F322088610600BE441B /* SJInfiniteScrollViewDemoUITests */,
			);
		};
/* End PBXProject section */

/* Begin PBXResourcesBuildPhase section */
		9FDA9F0E2088610300BE441B /* Resources */ = {
			isa = PBXResourcesBuildPhase;
			buildActionMask = 2147483647;
			files = (
				9FDA9F202088610600BE441B /* LaunchScreen.storyboard in Resources */,
				9FDA9F1D2088610600BE441B /* Assets.xcassets in Resources */,
				9FDA9F1B2088610300BE441B /* Main.storyboard in Resources */,
			);
			runOnlyForDeploymentPostprocessing = 0;
		};
		9FDA9F262088610600BE441B /* Resources */ = {
			isa = PBXResourcesBuildPhase;
			buildActionMask = 2147483647;
			files = (
			);
			runOnlyForDeploymentPostprocessing = 0;
		};
		9FDA9F312088610600BE441B /* Resources */ = {
			isa = PBXResourcesBuildPhase;
			buildActionMask = 2147483647;
			files = (
			);
			runOnlyForDeploymentPostprocessing = 0;
		};
/* End PBXResourcesBuildPhase section */

/* Begin PBXShellScriptBuildPhase section */
		422C0E5A3D19A013A5E8ACA1 /* [CP] Check Pods Manifest.lock */ = {
			isa = PBXShellScriptBuildPhase;
			buildActionMask = 2147483647;
			files = (
			);
			inputPaths = (
				"${PODS_PODFILE_DIR_PATH}/Podfile.lock",
				"${PODS_ROOT}/Manifest.lock",
			);
			name = "[CP] Check Pods Manifest.lock";
			outputPaths = (
				"$(DERIVED_FILE_DIR)/Pods-SJInfiniteScrollViewDemo-checkManifestLockResult.txt",
			);
			runOnlyForDeploymentPostprocessing = 0;
			shellPath = /bin/sh;
			shellScript = "diff \"${PODS_PODFILE_DIR_PATH}/Podfile.lock\" \"${PODS_ROOT}/Manifest.lock\" > /dev/null\nif [ $? != 0 ] ; then\n    # print error to STDERR\n    echo \"error: The sandbox is not in sync with the Podfile.lock. Run 'pod install' or update your CocoaPods installation.\" >&2\n    exit 1\nfi\n# This output is used by Xcode 'outputs' to avoid re-running this script phase.\necho \"SUCCESS\" > \"${SCRIPT_OUTPUT_FILE_0}\"\n";
			showEnvVarsInLog = 0;
		};
/* End PBXShellScriptBuildPhase section */

/* Begin PBXSourcesBuildPhase section */
		9FDA9F0C2088610300BE441B /* Sources */ = {
			isa = PBXSourcesBuildPhase;
			buildActionMask = 2147483647;
			files = (
				9FDA9F182088610300BE441B /* ViewController.m in Sources */,
				9FDA9F7220886EC600BE441B /* SJInfiniteSubView.m in Sources */,
				9F76FF4120898F3A00C6553A /* SDWebImageDownloaderOperation.m in Sources */,
				9FDA9F232088610600BE441B /* main.m in Sources */,
				9F76FF4820898F3A00C6553A /* UIView+WebCacheOperation.m in Sources */,
				9F76FF3A20898F3A00C6553A /* SDWebImageCoderHelper.m in Sources */,
				9F76FF3320898F3A00C6553A /* SDWebImageFrame.m in Sources */,
				9F76FF4C20898F3A00C6553A /* SDWebImageWebPCoder.m in Sources */,
				9F76FF2F20898F3A00C6553A /* UIImage+WebP.m in Sources */,
				9FDA9F7320886EC600BE441B /* SJInfiniteItem.m in Sources */,
				9FDA9F7120886EC600BE441B /* SJInfiniteScrollView.m in Sources */,
				9F76FF4920898F3A00C6553A /* UIView+WebCache.m in Sources */,
				9F76FF3220898F3A00C6553A /* UIImageView+HighlightedWebCache.m in Sources */,
				9F76FF3720898F3A00C6553A /* SDWebImageDownloader.m in Sources */,
				9FDA9F152088610300BE441B /* AppDelegate.m in Sources */,
				9F76FF3120898F3A00C6553A /* SDWebImageManager.m in Sources */,
				9F76FF4220898F3A00C6553A /* SDWebImageTransition.m in Sources */,
				9F76FF4520898F3A00C6553A /* NSImage+WebCache.m in Sources */,
				9FDA9F7420886EC600BE441B /* UIView+SJInfiniteScrollView.m in Sources */,
				9F76FF3D20898F3A00C6553A /* SDWebImageCoder.m in Sources */,
				9F76FF4A20898F3A00C6553A /* SDWebImageImageIOCoder.m in Sources */,
				9F76FF3520898F3A00C6553A /* SDWebImageCodersManager.m in Sources */,
				9F76FF4720898F3A00C6553A /* SDImageCacheConfig.m in Sources */,
				9F76FF4320898F3A00C6553A /* NSData+ImageContentType.m in Sources */,
				9F76FF3C20898F3A00C6553A /* SDWebImagePrefetcher.m in Sources */,
				9F76FF4B20898F3A00C6553A /* UIButton+WebCache.m in Sources */,
				9F76FF3020898F3A00C6553A /* MKAnnotationView+WebCache.m in Sources */,
				9F76FF3420898F3A00C6553A /* UIImage+ForceDecode.m in Sources */,
				9F76FF3F20898F3A00C6553A /* SDAnimatedImageRep.m in Sources */,
				9F76FF3B20898F3A00C6553A /* SDWebImageCompat.m in Sources */,
				9F76FF3920898F3A00C6553A /* UIImage+MultiFormat.m in Sources */,
				9F76FF3E20898F3A00C6553A /* NSButton+WebCache.m in Sources */,
				9F76FF4420898F3A00C6553A /* UIImageView+WebCache.m in Sources */,
				9F76FF3820898F3A00C6553A /* UIImage+GIF.m in Sources */,
				9F76FF4020898F3A00C6553A /* SDImageCache.m in Sources */,
				9F76FF4620898F3A00C6553A /* SDWebImageGIFCoder.m in Sources */,
			);
			runOnlyForDeploymentPostprocessing = 0;
		};
		9FDA9F242088610600BE441B /* Sources */ = {
			isa = PBXSourcesBuildPhase;
			buildActionMask = 2147483647;
			files = (
				9FDA9F2D2088610600BE441B /* SJInfiniteScrollViewDemoTests.m in Sources */,
			);
			runOnlyForDeploymentPostprocessing = 0;
		};
		9FDA9F2F2088610600BE441B /* Sources */ = {
			isa = PBXSourcesBuildPhase;
			buildActionMask = 2147483647;
			files = (
				9FDA9F382088610600BE441B /* SJInfiniteScrollViewDemoUITests.m in Sources */,
			);
			runOnlyForDeploymentPostprocessing = 0;
		};
/* End PBXSourcesBuildPhase section */

/* Begin PBXTargetDependency section */
		9FDA9F2A2088610600BE441B /* PBXTargetDependency */ = {
			isa = PBXTargetDependency;
			target = 9FDA9F0F2088610300BE441B /* SJInfiniteScrollViewDemo */;
			targetProxy = 9FDA9F292088610600BE441B /* PBXContainerItemProxy */;
		};
		9FDA9F352088610600BE441B /* PBXTargetDependency */ = {
			isa = PBXTargetDependency;
			target = 9FDA9F0F2088610300BE441B /* SJInfiniteScrollViewDemo */;
			targetProxy = 9FDA9F342088610600BE441B /* PBXContainerItemProxy */;
		};
/* End PBXTargetDependency section */

/* Begin PBXVariantGroup section */
		9FDA9F192088610300BE441B /* Main.storyboard */ = {
			isa = PBXVariantGroup;
			children = (
				9FDA9F1A2088610300BE441B /* Base */,
			);
			name = Main.storyboard;
			sourceTree = "<group>";
		};
		9FDA9F1E2088610600BE441B /* LaunchScreen.storyboard */ = {
			isa = PBXVariantGroup;
			children = (
				9FDA9F1F2088610600BE441B /* Base */,
			);
			name = LaunchScreen.storyboard;
			sourceTree = "<group>";
		};
/* End PBXVariantGroup section */

/* Begin XCBuildConfiguration section */
		9FDA9F3A2088610600BE441B /* Debug */ = {
			isa = XCBuildConfiguration;
			buildSettings = {
				ALWAYS_SEARCH_USER_PATHS = NO;
				CLANG_ANALYZER_NONNULL = YES;
				CLANG_ANALYZER_NUMBER_OBJECT_CONVERSION = YES_AGGRESSIVE;
				CLANG_CXX_LANGUAGE_STANDARD = "gnu++14";
				CLANG_CXX_LIBRARY = "libc++";
				CLANG_ENABLE_MODULES = YES;
				CLANG_ENABLE_OBJC_ARC = YES;
				CLANG_ENABLE_OBJC_WEAK = YES;
				CLANG_WARN_BLOCK_CAPTURE_AUTORELEASING = YES;
				CLANG_WARN_BOOL_CONVERSION = YES;
				CLANG_WARN_COMMA = YES;
				CLANG_WARN_CONSTANT_CONVERSION = YES;
				CLANG_WARN_DEPRECATED_OBJC_IMPLEMENTATIONS = YES;
				CLANG_WARN_DIRECT_OBJC_ISA_USAGE = YES_ERROR;
				CLANG_WARN_DOCUMENTATION_COMMENTS = YES;
				CLANG_WARN_EMPTY_BODY = YES;
				CLANG_WARN_ENUM_CONVERSION = YES;
				CLANG_WARN_INFINITE_RECURSION = YES;
				CLANG_WARN_INT_CONVERSION = YES;
				CLANG_WARN_NON_LITERAL_NULL_CONVERSION = YES;
				CLANG_WARN_OBJC_IMPLICIT_RETAIN_SELF = YES;
				CLANG_WARN_OBJC_LITERAL_CONVERSION = YES;
				CLANG_WARN_OBJC_ROOT_CLASS = YES_ERROR;
				CLANG_WARN_RANGE_LOOP_ANALYSIS = YES;
				CLANG_WARN_STRICT_PROTOTYPES = YES;
				CLANG_WARN_SUSPICIOUS_MOVE = YES;
				CLANG_WARN_UNGUARDED_AVAILABILITY = YES_AGGRESSIVE;
				CLANG_WARN_UNREACHABLE_CODE = YES;
				CLANG_WARN__DUPLICATE_METHOD_MATCH = YES;
				CODE_SIGN_IDENTITY = "iPhone Developer";
				COPY_PHASE_STRIP = NO;
				DEBUG_INFORMATION_FORMAT = dwarf;
				ENABLE_STRICT_OBJC_MSGSEND = YES;
				ENABLE_TESTABILITY = YES;
				GCC_C_LANGUAGE_STANDARD = gnu11;
				GCC_DYNAMIC_NO_PIC = NO;
				GCC_NO_COMMON_BLOCKS = YES;
				GCC_OPTIMIZATION_LEVEL = 0;
				GCC_PREPROCESSOR_DEFINITIONS = (
					"DEBUG=1",
					"$(inherited)",
				);
				GCC_WARN_64_TO_32_BIT_CONVERSION = YES;
				GCC_WARN_ABOUT_RETURN_TYPE = YES_ERROR;
				GCC_WARN_UNDECLARED_SELECTOR = YES;
				GCC_WARN_UNINITIALIZED_AUTOS = YES_AGGRESSIVE;
				GCC_WARN_UNUSED_FUNCTION = YES;
				GCC_WARN_UNUSED_VARIABLE = YES;
				IPHONEOS_DEPLOYMENT_TARGET = 11.3;
				MTL_ENABLE_DEBUG_INFO = YES;
				ONLY_ACTIVE_ARCH = YES;
				SDKROOT = iphoneos;
			};
			name = Debug;
		};
		9FDA9F3B2088610600BE441B /* Release */ = {
			isa = XCBuildConfiguration;
			buildSettings = {
				ALWAYS_SEARCH_USER_PATHS = NO;
				CLANG_ANALYZER_NONNULL = YES;
				CLANG_ANALYZER_NUMBER_OBJECT_CONVERSION = YES_AGGRESSIVE;
				CLANG_CXX_LANGUAGE_STANDARD = "gnu++14";
				CLANG_CXX_LIBRARY = "libc++";
				CLANG_ENABLE_MODULES = YES;
				CLANG_ENABLE_OBJC_ARC = YES;
				CLANG_ENABLE_OBJC_WEAK = YES;
				CLANG_WARN_BLOCK_CAPTURE_AUTORELEASING = YES;
				CLANG_WARN_BOOL_CONVERSION = YES;
				CLANG_WARN_COMMA = YES;
				CLANG_WARN_CONSTANT_CONVERSION = YES;
				CLANG_WARN_DEPRECATED_OBJC_IMPLEMENTATIONS = YES;
				CLANG_WARN_DIRECT_OBJC_ISA_USAGE = YES_ERROR;
				CLANG_WARN_DOCUMENTATION_COMMENTS = YES;
				CLANG_WARN_EMPTY_BODY = YES;
				CLANG_WARN_ENUM_CONVERSION = YES;
				CLANG_WARN_INFINITE_RECURSION = YES;
				CLANG_WARN_INT_CONVERSION = YES;
				CLANG_WARN_NON_LITERAL_NULL_CONVERSION = YES;
				CLANG_WARN_OBJC_IMPLICIT_RETAIN_SELF = YES;
				CLANG_WARN_OBJC_LITERAL_CONVERSION = YES;
				CLANG_WARN_OBJC_ROOT_CLASS = YES_ERROR;
				CLANG_WARN_RANGE_LOOP_ANALYSIS = YES;
				CLANG_WARN_STRICT_PROTOTYPES = YES;
				CLANG_WARN_SUSPICIOUS_MOVE = YES;
				CLANG_WARN_UNGUARDED_AVAILABILITY = YES_AGGRESSIVE;
				CLANG_WARN_UNREACHABLE_CODE = YES;
				CLANG_WARN__DUPLICATE_METHOD_MATCH = YES;
				CODE_SIGN_IDENTITY = "iPhone Developer";
				COPY_PHASE_STRIP = NO;
				DEBUG_INFORMATION_FORMAT = "dwarf-with-dsym";
				ENABLE_NS_ASSERTIONS = NO;
				ENABLE_STRICT_OBJC_MSGSEND = YES;
				GCC_C_LANGUAGE_STANDARD = gnu11;
				GCC_NO_COMMON_BLOCKS = YES;
				GCC_WARN_64_TO_32_BIT_CONVERSION = YES;
				GCC_WARN_ABOUT_RETURN_TYPE = YES_ERROR;
				GCC_WARN_UNDECLARED_SELECTOR = YES;
				GCC_WARN_UNINITIALIZED_AUTOS = YES_AGGRESSIVE;
				GCC_WARN_UNUSED_FUNCTION = YES;
				GCC_WARN_UNUSED_VARIABLE = YES;
				IPHONEOS_DEPLOYMENT_TARGET = 11.3;
				MTL_ENABLE_DEBUG_INFO = NO;
				SDKROOT = iphoneos;
				VALIDATE_PRODUCT = YES;
			};
			name = Release;
		};
		9FDA9F3D2088610600BE441B /* Debug */ = {
			isa = XCBuildConfiguration;
			baseConfigurationReference = 9FB232C4CE0334BF71A0ADBA /* Pods-SJInfiniteScrollViewDemo.debug.xcconfig */;
			buildSettings = {
				ASSETCATALOG_COMPILER_APPICON_NAME = AppIcon;
				CLANG_ALLOW_NON_MODULAR_INCLUDES_IN_FRAMEWORK_MODULES = YES;
				CODE_SIGN_STYLE = Automatic;
				DEVELOPMENT_TEAM = A26RT57CY4;
				INFOPLIST_FILE = SJInfiniteScrollViewDemo/Info.plist;
				LD_RUNPATH_SEARCH_PATHS = (
					"$(inherited)",
					"@executable_path/Frameworks",
				);
				PRODUCT_BUNDLE_IDENTIFIER = com.CLap.SJInfiniteScrollViewDemo;
				PRODUCT_NAME = "$(TARGET_NAME)";
				TARGETED_DEVICE_FAMILY = "1,2";
			};
			name = Debug;
		};
		9FDA9F3E2088610600BE441B /* Release */ = {
			isa = XCBuildConfiguration;
			baseConfigurationReference = B42E0D90173B13C36F85DD08 /* Pods-SJInfiniteScrollViewDemo.release.xcconfig */;
			buildSettings = {
				ASSETCATALOG_COMPILER_APPICON_NAME = AppIcon;
				CLANG_ALLOW_NON_MODULAR_INCLUDES_IN_FRAMEWORK_MODULES = YES;
				CODE_SIGN_STYLE = Automatic;
				DEVELOPMENT_TEAM = A26RT57CY4;
				INFOPLIST_FILE = SJInfiniteScrollViewDemo/Info.plist;
				LD_RUNPATH_SEARCH_PATHS = (
					"$(inherited)",
					"@executable_path/Frameworks",
				);
				PRODUCT_BUNDLE_IDENTIFIER = com.CLap.SJInfiniteScrollViewDemo;
				PRODUCT_NAME = "$(TARGET_NAME)";
				TARGETED_DEVICE_FAMILY = "1,2";
			};
			name = Release;
		};
		9FDA9F402088610600BE441B /* Debug */ = {
			isa = XCBuildConfiguration;
			buildSettings = {
				BUNDLE_LOADER = "$(TEST_HOST)";
				CODE_SIGN_STYLE = Automatic;
				DEVELOPMENT_TEAM = A26RT57CY4;
				INFOPLIST_FILE = SJInfiniteScrollViewDemoTests/Info.plist;
				LD_RUNPATH_SEARCH_PATHS = (
					"$(inherited)",
					"@executable_path/Frameworks",
					"@loader_path/Frameworks",
				);
				PRODUCT_BUNDLE_IDENTIFIER = com.CLap.SJInfiniteScrollViewDemoTests;
				PRODUCT_NAME = "$(TARGET_NAME)";
				TARGETED_DEVICE_FAMILY = "1,2";
				TEST_HOST = "$(BUILT_PRODUCTS_DIR)/SJInfiniteScrollViewDemo.app/SJInfiniteScrollViewDemo";
			};
			name = Debug;
		};
		9FDA9F412088610600BE441B /* Release */ = {
			isa = XCBuildConfiguration;
			buildSettings = {
				BUNDLE_LOADER = "$(TEST_HOST)";
				CODE_SIGN_STYLE = Automatic;
				DEVELOPMENT_TEAM = A26RT57CY4;
				INFOPLIST_FILE = SJInfiniteScrollViewDemoTests/Info.plist;
				LD_RUNPATH_SEARCH_PATHS = (
					"$(inherited)",
					"@executable_path/Frameworks",
					"@loader_path/Frameworks",
				);
				PRODUCT_BUNDLE_IDENTIFIER = com.CLap.SJInfiniteScrollViewDemoTests;
				PRODUCT_NAME = "$(TARGET_NAME)";
				TARGETED_DEVICE_FAMILY = "1,2";
				TEST_HOST = "$(BUILT_PRODUCTS_DIR)/SJInfiniteScrollViewDemo.app/SJInfiniteScrollViewDemo";
			};
			name = Release;
		};
		9FDA9F432088610600BE441B /* Debug */ = {
			isa = XCBuildConfiguration;
			buildSettings = {
				CODE_SIGN_STYLE = Automatic;
				DEVELOPMENT_TEAM = A26RT57CY4;
				INFOPLIST_FILE = SJInfiniteScrollViewDemoUITests/Info.plist;
				LD_RUNPATH_SEARCH_PATHS = (
					"$(inherited)",
					"@executable_path/Frameworks",
					"@loader_path/Frameworks",
				);
				PRODUCT_BUNDLE_IDENTIFIER = com.CLap.SJInfiniteScrollViewDemoUITests;
				PRODUCT_NAME = "$(TARGET_NAME)";
				TARGETED_DEVICE_FAMILY = "1,2";
				TEST_TARGET_NAME = SJInfiniteScrollViewDemo;
			};
			name = Debug;
		};
		9FDA9F442088610600BE441B /* Release */ = {
			isa = XCBuildConfiguration;
			buildSettings = {
				CODE_SIGN_STYLE = Automatic;
				DEVELOPMENT_TEAM = A26RT57CY4;
				INFOPLIST_FILE = SJInfiniteScrollViewDemoUITests/Info.plist;
				LD_RUNPATH_SEARCH_PATHS = (
					"$(inherited)",
					"@executable_path/Frameworks",
					"@loader_path/Frameworks",
				);
				PRODUCT_BUNDLE_IDENTIFIER = com.CLap.SJInfiniteScrollViewDemoUITests;
				PRODUCT_NAME = "$(TARGET_NAME)";
				TARGETED_DEVICE_FAMILY = "1,2";
				TEST_TARGET_NAME = SJInfiniteScrollViewDemo;
			};
			name = Release;
		};
/* End XCBuildConfiguration section */

/* Begin XCConfigurationList section */
		9FDA9F0B2088610300BE441B /* Build configuration list for PBXProject "SJInfiniteScrollViewDemo" */ = {
			isa = XCConfigurationList;
			buildConfigurations = (
				9FDA9F3A2088610600BE441B /* Debug */,
				9FDA9F3B2088610600BE441B /* Release */,
			);
			defaultConfigurationIsVisible = 0;
			defaultConfigurationName = Release;
		};
		9FDA9F3C2088610600BE441B /* Build configuration list for PBXNativeTarget "SJInfiniteScrollViewDemo" */ = {
			isa = XCConfigurationList;
			buildConfigurations = (
				9FDA9F3D2088610600BE441B /* Debug */,
				9FDA9F3E2088610600BE441B /* Release */,
			);
			defaultConfigurationIsVisible = 0;
			defaultConfigurationName = Release;
		};
		9FDA9F3F2088610600BE441B /* Build configuration list for PBXNativeTarget "SJInfiniteScrollViewDemoTests" */ = {
			isa = XCConfigurationList;
			buildConfigurations = (
				9FDA9F402088610600BE441B /* Debug */,
				9FDA9F412088610600BE441B /* Release */,
			);
			defaultConfigurationIsVisible = 0;
			defaultConfigurationName = Release;
		};
		9FDA9F422088610600BE441B /* Build configuration list for PBXNativeTarget "SJInfiniteScrollViewDemoUITests" */ = {
			isa = XCConfigurationList;
			buildConfigurations = (
				9FDA9F432088610600BE441B /* Debug */,
				9FDA9F442088610600BE441B /* Release */,
			);
			defaultConfigurationIsVisible = 0;
			defaultConfigurationName = Release;
		};
/* End XCConfigurationList section */
	};
	rootObject = 9FDA9F082088610300BE441B /* Project object */;
}
